
Microsoft Visual Studio Solution File, Format Version 12.00
# Visual Studio Version 16
VisualStudioVersion = 16.0.30114.105
MinimumVisualStudioVersion = 10.0.40219.1
Project("{FAE04EC0-301F-11D3-BF4B-00C04F79EFBC}") = "R5T.S0026", "R5T.S0026\R5T.S0026.csproj", "{B6D2CCE5-322B-4B38-BCC7-393E831E735F}"
EndProject
Project("{FAE04EC0-301F-11D3-BF4B-00C04F79EFBC}") = "R5T.S0026.Construction", "R5T.S0026.Construction\R5T.S0026.Construction.csproj", "{51589DE7-12F9-47A0-BCAC-E36E11D944AA}"
EndProject
Project("{FAE04EC0-301F-11D3-BF4B-00C04F79EFBC}") = "R5T.S0026.Library", "R5T.S0026.Library\R5T.S0026.Library.csproj", "{701A82F0-6481-45E0-86BC-9910DD12349E}"
EndProject
Global
	GlobalSection(SolutionConfigurationPlatforms) = preSolution
		Debug|Any CPU = Debug|Any CPU
		Debug|x64 = Debug|x64
		Debug|x86 = Debug|x86
		Release|Any CPU = Release|Any CPU
		Release|x64 = Release|x64
		Release|x86 = Release|x86
	EndGlobalSection
	GlobalSection(SolutionProperties) = preSolution
		HideSolutionNode = FALSE
	EndGlobalSection
	GlobalSection(ProjectConfigurationPlatforms) = postSolution
		{B6D2CCE5-322B-4B38-BCC7-393E831E735F}.Debug|Any CPU.ActiveCfg = Debug|Any CPU
		{B6D2CCE5-322B-4B38-BCC7-393E831E735F}.Debug|Any CPU.Build.0 = Debug|Any CPU
		{B6D2CCE5-322B-4B38-BCC7-393E831E735F}.Debug|x64.ActiveCfg = Debug|Any CPU
		{B6D2CCE5-322B-4B38-BCC7-393E831E735F}.Debug|x64.Build.0 = Debug|Any CPU
		{B6D2CCE5-322B-4B38-BCC7-393E831E735F}.Debug|x86.ActiveCfg = Debug|Any CPU
		{B6D2CCE5-322B-4B38-BCC7-393E831E735F}.Debug|x86.Build.0 = Debug|Any CPU
		{B6D2CCE5-322B-4B38-BCC7-393E831E735F}.Release|Any CPU.ActiveCfg = Release|Any CPU
		{B6D2CCE5-322B-4B38-BCC7-393E831E735F}.Release|Any CPU.Build.0 = Release|Any CPU
		{B6D2CCE5-322B-4B38-BCC7-393E831E735F}.Release|x64.ActiveCfg = Release|Any CPU
		{B6D2CCE5-322B-4B38-BCC7-393E831E735F}.Release|x64.Build.0 = Release|Any CPU
		{B6D2CCE5-322B-4B38-BCC7-393E831E735F}.Release|x86.ActiveCfg = Release|Any CPU
		{B6D2CCE5-322B-4B38-BCC7-393E831E735F}.Release|x86.Build.0 = Release|Any CPU
		{51589DE7-12F9-47A0-BCAC-E36E11D944AA}.Debug|Any CPU.ActiveCfg = Debug|Any CPU
		{51589DE7-12F9-47A0-BCAC-E36E11D944AA}.Debug|Any CPU.Build.0 = Debug|Any CPU
		{51589DE7-12F9-47A0-BCAC-E36E11D944AA}.Debug|x64.ActiveCfg = Debug|Any CPU
		{51589DE7-12F9-47A0-BCAC-E36E11D944AA}.Debug|x64.Build.0 = Debug|Any CPU
		{51589DE7-12F9-47A0-BCAC-E36E11D944AA}.Debug|x86.ActiveCfg = Debug|Any CPU
		{51589DE7-12F9-47A0-BCAC-E36E11D944AA}.Debug|x86.Build.0 = Debug|Any CPU
		{51589DE7-12F9-47A0-BCAC-E36E11D944AA}.Release|Any CPU.ActiveCfg = Release|Any CPU
		{51589DE7-12F9-47A0-BCAC-E36E11D944AA}.Release|Any CPU.Build.0 = Release|Any CPU
		{51589DE7-12F9-47A0-BCAC-E36E11D944AA}.Release|x64.ActiveCfg = Release|Any CPU
		{51589DE7-12F9-47A0-BCAC-E36E11D944AA}.Release|x64.Build.0 = Release|Any CPU
		{51589DE7-12F9-47A0-BCAC-E36E11D944AA}.Release|x86.ActiveCfg = Release|Any CPU
		{51589DE7-12F9-47A0-BCAC-E36E11D944AA}.Release|x86.Build.0 = Release|Any CPU
		{701A82F0-6481-45E0-86BC-9910DD12349E}.Debug|Any CPU.ActiveCfg = Debug|Any CPU
		{701A82F0-6481-45E0-86BC-9910DD12349E}.Debug|Any CPU.Build.0 = Debug|Any CPU
		{701A82F0-6481-45E0-86BC-9910DD12349E}.Debug|x64.ActiveCfg = Debug|Any CPU
		{701A82F0-6481-45E0-86BC-9910DD12349E}.Debug|x64.Build.0 = Debug|Any CPU
		{701A82F0-6481-45E0-86BC-9910DD12349E}.Debug|x86.ActiveCfg = Debug|Any CPU
		{701A82F0-6481-45E0-86BC-9910DD12349E}.Debug|x86.Build.0 = Debug|Any CPU
		{701A82F0-6481-45E0-86BC-9910DD12349E}.Release|Any CPU.ActiveCfg = Release|Any CPU
		{701A82F0-6481-45E0-86BC-9910DD12349E}.Release|Any CPU.Build.0 = Release|Any CPU
		{701A82F0-6481-45E0-86BC-9910DD12349E}.Release|x64.ActiveCfg = Release|Any CPU
		{701A82F0-6481-45E0-86BC-9910DD12349E}.Release|x64.Build.0 = Release|Any CPU
		{701A82F0-6481-45E0-86BC-9910DD12349E}.Release|x86.ActiveCfg = Release|Any CPU
		{701A82F0-6481-45E0-86BC-9910DD12349E}.Release|x86.Build.0 = Release|Any CPU
	EndGlobalSection
EndGlobal
