
Microsoft Visual Studio Solution File, Format Version 12.00
# Visual Studio Version 16
VisualStudioVersion = 16.6.30114.105
MinimumVisualStudioVersion = 10.0.40219.1
Project("{FAE04EC0-301F-11D3-BF4B-00C04F79EFBC}") = "R5T.S0026.Construction", "R5T.S0026.Construction\R5T.S0026.Construction.csproj", "{3F056154-8007-4B05-B6BC-8187BD77E6FF}"
EndProject
Project("{FAE04EC0-301F-11D3-BF4B-00C04F79EFBC}") = "R5T.S0026", "R5T.S0026\R5T.S0026.csproj", "{6858F0CC-F20E-42E8-8BFF-EE51A94DDD58}"
EndProject
Project("{2150E333-8FDC-42A3-9474-1A3956D46DE8}") = "_Dependencies", "_Dependencies", "{5C072EBC-351D-47DD-8B94-0C9AE973458E}"
EndProject
Project("{FAE04EC0-301F-11D3-BF4B-00C04F79EFBC}") = "R5T.D0100.Base", "..\..\R5T.D0100\source\R5T.D0100.Base\R5T.D0100.Base.csproj", "{CBBCC9E2-4DC8-42A4-99C0-5D6F5F369DBA}"
EndProject
Project("{FAE04EC0-301F-11D3-BF4B-00C04F79EFBC}") = "R5T.D0101.Base", "..\..\R5T.D0101\source\R5T.D0101.Base\R5T.D0101.Base.csproj", "{849C5B25-8A28-4B07-8DED-B26C8A3F1CE1}"
EndProject
Project("{FAE04EC0-301F-11D3-BF4B-00C04F79EFBC}") = "R5T.D0101.I001", "..\..\R5T.D0101\source\R5T.D0101.I001\R5T.D0101.I001.csproj", "{6128A2DE-FF2B-4999-B709-F01E8A9AAD30}"
EndProject
Project("{FAE04EC0-301F-11D3-BF4B-00C04F79EFBC}") = "R5T.D0101.X001", "..\..\R5T.D0101\source\R5T.D0101.X001\R5T.D0101.X001.csproj", "{9AF521DB-1937-479D-BE63-DF5C9A61D6BC}"
EndProject
Project("{FAE04EC0-301F-11D3-BF4B-00C04F79EFBC}") = "R5T.L0013", "..\..\R5T.L0013\source\R5T.L0013\R5T.L0013.csproj", "{8AACA632-0682-4591-8950-9D5E99FF39FC}"
EndProject
Project("{FAE04EC0-301F-11D3-BF4B-00C04F79EFBC}") = "R5T.L0019.X001", "..\..\R5T.L0019\source\R5T.L0019.X001\R5T.L0019.X001.csproj", "{632BE0D2-587C-4D00-B563-83B0169CDF3B}"
EndProject
Project("{FAE04EC0-301F-11D3-BF4B-00C04F79EFBC}") = "R5T.L0019", "..\..\R5T.L0019\source\R5T.L0019\R5T.L0019.csproj", "{347171CB-D0F5-46F5-B999-007A9809DB12}"
EndProject
Project("{FAE04EC0-301F-11D3-BF4B-00C04F79EFBC}") = "R5T.Magyar", "..\..\R5T.Magyar\source\R5T.Magyar\R5T.Magyar.csproj", "{32E73B6D-C5DB-4857-AD6A-A7210C4073D6}"
EndProject
Project("{FAE04EC0-301F-11D3-BF4B-00C04F79EFBC}") = "R5T.T0039.T002", "..\..\R5T.T0039\source\R5T.T0039.T002\R5T.T0039.T002.csproj", "{DD3106DF-FB75-4F3C-B3D3-BF01B7431841}"
EndProject
Project("{FAE04EC0-301F-11D3-BF4B-00C04F79EFBC}") = "R5T.T0042.X001", "..\..\R5T.T0042\source\R5T.T0042.X001\R5T.T0042.X001.csproj", "{6B94BC2D-E4A6-46DC-9279-03C9ECB37010}"
EndProject
Project("{FAE04EC0-301F-11D3-BF4B-00C04F79EFBC}") = "R5T.T0042", "..\..\R5T.T0042\source\R5T.T0042\R5T.T0042.csproj", "{3031B4C3-BB11-4171-842F-B17D897CF24A}"
EndProject
Project("{FAE04EC0-301F-11D3-BF4B-00C04F79EFBC}") = "R5T.T0044.X001", "..\..\R5T.T0044\source\R5T.T0044.X001\R5T.T0044.X001.csproj", "{52A7F751-C330-41D1-A23B-9542B5EE321E}"
EndProject
Project("{FAE04EC0-301F-11D3-BF4B-00C04F79EFBC}") = "R5T.T0044", "..\..\R5T.T0044\source\R5T.T0044\R5T.T0044.csproj", "{80A65CB5-1CB3-4F1A-9665-F629D9BC5626}"
EndProject
Project("{FAE04EC0-301F-11D3-BF4B-00C04F79EFBC}") = "R5T.T0055.X001", "..\..\R5T.T0055\source\R5T.T0055.X001\R5T.T0055.X001.csproj", "{5898A82A-A8C0-487A-8D18-62736E66E07B}"
EndProject
Project("{FAE04EC0-301F-11D3-BF4B-00C04F79EFBC}") = "R5T.T0055", "..\..\R5T.T0055\source\R5T.T0055\R5T.T0055.csproj", "{BC7EEDD8-9406-416B-8149-60576A5063D6}"
EndProject
Project("{FAE04EC0-301F-11D3-BF4B-00C04F79EFBC}") = "R5T.T0057.X002", "..\..\R5T.T0057\source\R5T.T0057.X002\R5T.T0057.X002.csproj", "{5FDE1F95-D74A-4E1B-A5A6-0AFA6432E5A5}"
EndProject
Project("{FAE04EC0-301F-11D3-BF4B-00C04F79EFBC}") = "R5T.T0057", "..\..\R5T.T0057\source\R5T.T0057\R5T.T0057.csproj", "{80F2CC7D-7AF6-4511-A1AC-5359204C2E9E}"
EndProject
Project("{FAE04EC0-301F-11D3-BF4B-00C04F79EFBC}") = "R5T.T0060", "..\..\R5T.T0060\source\R5T.T0060\R5T.T0060.csproj", "{1004081C-A4EE-4704-A9AA-C76C503F2F67}"
EndProject
Project("{FAE04EC0-301F-11D3-BF4B-00C04F79EFBC}") = "R5T.T0062.X001", "..\..\R5T.T0062\source\R5T.T0062.X001\R5T.T0062.X001.csproj", "{DEF1CB07-F8C3-4105-B6D6-C1E76945B23B}"
EndProject
Project("{FAE04EC0-301F-11D3-BF4B-00C04F79EFBC}") = "R5T.T0062", "..\..\R5T.T0062\source\R5T.T0062\R5T.T0062.csproj", "{79FC15DD-2AB2-4F75-859D-D67B21FEFC7C}"
EndProject
Project("{FAE04EC0-301F-11D3-BF4B-00C04F79EFBC}") = "R5T.T0063", "..\..\R5T.T0063\source\R5T.T0063\R5T.T0063.csproj", "{D6185AF9-47EA-46DB-98F7-1F183608222C}"
EndProject
Project("{FAE04EC0-301F-11D3-BF4B-00C04F79EFBC}") = "R5T.T0064", "..\..\R5T.T0064\source\R5T.T0064\R5T.T0064.csproj", "{EF9C2935-150E-4382-ADF7-899FCAA94B5D}"
EndProject
Project("{FAE04EC0-301F-11D3-BF4B-00C04F79EFBC}") = "R5T.T0092.X001", "..\..\R5T.T0092\source\R5T.T0092.X001\R5T.T0092.X001.csproj", "{F7DBC2C2-5DE5-475B-B05B-7583D78E7A02}"
EndProject
Project("{FAE04EC0-301F-11D3-BF4B-00C04F79EFBC}") = "R5T.T0092", "..\..\R5T.T0092\source\R5T.T0092\R5T.T0092.csproj", "{E2210F7E-F96C-48C8-8DA9-40AAA2007001}"
EndProject
Project("{FAE04EC0-301F-11D3-BF4B-00C04F79EFBC}") = "R5T.T0093.X001", "..\..\R5T.T0093\source\R5T.T0093.X001\R5T.T0093.X001.csproj", "{BEE85F00-5CBA-4902-B4D5-74DBF4C472CE}"
EndProject
Project("{FAE04EC0-301F-11D3-BF4B-00C04F79EFBC}") = "R5T.T0093", "..\..\R5T.T0093\source\R5T.T0093\R5T.T0093.csproj", "{07CEAC2F-99D3-4834-A3C3-71AAF24AAE18}"
EndProject
Project("{FAE04EC0-301F-11D3-BF4B-00C04F79EFBC}") = "R5T.T0094", "..\..\R5T.T0094\source\R5T.T0094\R5T.T0094.csproj", "{AEE8862D-B719-4DD6-8A8D-3E2C49AFFF06}"
EndProject
Project("{FAE04EC0-301F-11D3-BF4B-00C04F79EFBC}") = "R5T.T0096.X001", "..\..\R5T.T0096\source\R5T.T0096.X001\R5T.T0096.X001.csproj", "{90B420AF-9156-45F1-9959-271DCD1AB4E6}"
EndProject
Project("{FAE04EC0-301F-11D3-BF4B-00C04F79EFBC}") = "R5T.T0096", "..\..\R5T.T0096\source\R5T.T0096\R5T.T0096.csproj", "{5EB3C598-2D7A-4BF5-A829-5FCB5FE26604}"
EndProject
Project("{FAE04EC0-301F-11D3-BF4B-00C04F79EFBC}") = "R5T.T0097.X002", "..\..\R5T.T0097\source\R5T.T0097.X002\R5T.T0097.X002.csproj", "{2904D478-B5AE-439A-A1E8-41085645CD5E}"
EndProject
Project("{FAE04EC0-301F-11D3-BF4B-00C04F79EFBC}") = "R5T.T0097", "..\..\R5T.T0097\source\R5T.T0097\R5T.T0097.csproj", "{B164345E-FAAE-4B77-B038-37FB11F77489}"
EndProject
Project("{FAE04EC0-301F-11D3-BF4B-00C04F79EFBC}") = "R5T.T0098", "..\..\R5T.T0098\source\R5T.T0098\R5T.T0098.csproj", "{7B9B6884-67F6-48AD-AD14-6F36DB62A5BB}"
EndProject
Project("{FAE04EC0-301F-11D3-BF4B-00C04F79EFBC}") = "R5T.D0101.I0001", "..\..\R5T.D0101.I0001\source\R5T.D0101.I0001\R5T.D0101.I0001.csproj", "{CD30A09A-63B0-4E34-A067-874E6681EF89}"
EndProject
Project("{FAE04EC0-301F-11D3-BF4B-00C04F79EFBC}") = "R5T.D0076.Base", "..\..\R5T.D0076\source\R5T.D0076.Base\R5T.D0076.Base.csproj", "{CDB148DB-78F5-4854-A9FF-6C53003F10E2}"
EndProject
Project("{FAE04EC0-301F-11D3-BF4B-00C04F79EFBC}") = "R5T.D0077.A002", "..\..\R5T.D0077\source\R5T.D0077.A002\R5T.D0077.A002.csproj", "{ED098FA4-7761-496F-91D1-F4C2C7ACF626}"
EndProject
Project("{FAE04EC0-301F-11D3-BF4B-00C04F79EFBC}") = "R5T.D0077.Base", "..\..\R5T.D0077\source\R5T.D0077.Base\R5T.D0077.Base.csproj", "{FC11ACCE-7581-48EC-8098-2E8D74E8B37A}"
EndProject
Project("{FAE04EC0-301F-11D3-BF4B-00C04F79EFBC}") = "R5T.D0077.Default.I001", "..\..\R5T.D0077\source\R5T.D0077.Default.I001\R5T.D0077.Default.I001.csproj", "{7114107F-9CEE-46D4-B23B-E8CB254EE9FA}"
EndProject
Project("{FAE04EC0-301F-11D3-BF4B-00C04F79EFBC}") = "R5T.D0077.Default", "..\..\R5T.D0077\source\R5T.D0077.Default\R5T.D0077.Default.csproj", "{902698FB-AC03-4D57-B57F-8AF54FC0939A}"
EndProject
Project("{FAE04EC0-301F-11D3-BF4B-00C04F79EFBC}") = "R5T.D0077.New", "..\..\R5T.D0077\source\R5T.D0077.New\R5T.D0077.New.csproj", "{AE29EA71-790E-44F3-9123-8973EE2FC420}"
EndProject
Project("{FAE04EC0-301F-11D3-BF4B-00C04F79EFBC}") = "R5T.D0077.X001", "..\..\R5T.D0077\source\R5T.D0077.X001\R5T.D0077.X001.csproj", "{5B46EE13-5E46-4169-AAE0-B9C1D7D34954}"
EndProject
Project("{FAE04EC0-301F-11D3-BF4B-00C04F79EFBC}") = "R5T.D0078.A002", "..\..\R5T.D0078\source\R5T.D0078.A002\R5T.D0078.A002.csproj", "{A0C74BC8-D083-4A1C-9877-F766FEBB0AD8}"
EndProject
Project("{FAE04EC0-301F-11D3-BF4B-00C04F79EFBC}") = "R5T.D0078.Base", "..\..\R5T.D0078\source\R5T.D0078.Base\R5T.D0078.Base.csproj", "{FCB2BEBA-4881-4DA7-8E84-47376674AF13}"
EndProject
Project("{FAE04EC0-301F-11D3-BF4B-00C04F79EFBC}") = "R5T.D0078.Default", "..\..\R5T.D0078\source\R5T.D0078.Default\R5T.D0078.Default.csproj", "{AB60AFDB-62A5-4AC6-A4DF-1ADD981D9BC7}"
EndProject
Project("{FAE04EC0-301F-11D3-BF4B-00C04F79EFBC}") = "R5T.D0078.T0032", "..\..\R5T.D0078\source\R5T.D0078.T0032\R5T.D0078.T0032.csproj", "{BF9837CA-E9A7-4902-9EE4-56CD56D5F35A}"
EndProject
Project("{FAE04EC0-301F-11D3-BF4B-00C04F79EFBC}") = "R5T.D0079.A002", "..\..\R5T.D0079\source\R5T.D0079.A002\R5T.D0079.A002.csproj", "{AC23855A-B31D-463F-A7F9-5B2B48E16628}"
EndProject
Project("{FAE04EC0-301F-11D3-BF4B-00C04F79EFBC}") = "R5T.D0079.Base", "..\..\R5T.D0079\source\R5T.D0079.Base\R5T.D0079.Base.csproj", "{F97610DB-44F3-491D-BFCD-D7B31BC90465}"
EndProject
Project("{FAE04EC0-301F-11D3-BF4B-00C04F79EFBC}") = "R5T.D0079.Default", "..\..\R5T.D0079\source\R5T.D0079.Default\R5T.D0079.Default.csproj", "{C2BCFBB3-008D-4BF8-942B-724FE85194C2}"
EndProject
Project("{FAE04EC0-301F-11D3-BF4B-00C04F79EFBC}") = "R5T.D0079.T0032", "..\..\R5T.D0079\source\R5T.D0079.T0032\R5T.D0079.T0032.csproj", "{FC1278F1-2128-42E1-80A1-A9DF867F5002}"
EndProject
Project("{FAE04EC0-301F-11D3-BF4B-00C04F79EFBC}") = "R5T.D0083.Base", "..\..\R5T.D0083\source\R5T.D0083.Base\R5T.D0083.Base.csproj", "{CFFD7F83-B85A-47D7-ABD1-8A566321C855}"
EndProject
Project("{FAE04EC0-301F-11D3-BF4B-00C04F79EFBC}") = "R5T.D0083.I001", "..\..\R5T.D0083\source\R5T.D0083.I001\R5T.D0083.I001.csproj", "{E6C731B1-9EB8-467D-AA10-070B5401239D}"
EndProject
Project("{FAE04EC0-301F-11D3-BF4B-00C04F79EFBC}") = "R5T.Dacia.Extensions", "..\..\R5T.Dacia.Extensions\source\R5T.Dacia.Extensions\R5T.Dacia.Extensions.csproj", "{BF6D2ABA-22A7-4F91-92FD-979C0B831469}"
EndProject
Project("{FAE04EC0-301F-11D3-BF4B-00C04F79EFBC}") = "R5T.Dacia.T002", "..\..\R5T.Dacia\source\R5T.Dacia.T002\R5T.Dacia.T002.csproj", "{411627A0-3473-4746-B7A4-F0BD26ECC0D8}"
EndProject
Project("{FAE04EC0-301F-11D3-BF4B-00C04F79EFBC}") = "R5T.Dacia", "..\..\R5T.Dacia\source\R5T.Dacia\R5T.Dacia.csproj", "{D420A3A6-F8D3-499F-B402-D2A937006C77}"
EndProject
Project("{FAE04EC0-301F-11D3-BF4B-00C04F79EFBC}") = "R5T.Lombardy.Base", "..\..\R5T.Lombardy.Base\source\R5T.Lombardy.Base\R5T.Lombardy.Base.csproj", "{AA208DEB-438F-4330-834A-367E80C7B56B}"
EndProject
Project("{FAE04EC0-301F-11D3-BF4B-00C04F79EFBC}") = "R5T.Suebia.Base", "..\..\R5T.Suebia\source\R5T.Suebia.Base\R5T.Suebia.Base.csproj", "{3B225655-2E4A-47E5-AD5A-8E2C8FB523EE}"
EndProject
Project("{FAE04EC0-301F-11D3-BF4B-00C04F79EFBC}") = "R5T.T0021", "..\..\R5T.T0021\source\R5T.T0021\R5T.T0021.csproj", "{D1DCFB84-9D91-46B3-BC0B-B835DA4F6289}"
EndProject
Project("{FAE04EC0-301F-11D3-BF4B-00C04F79EFBC}") = "R5T.T0028.Abstractions", "..\..\R5T.T0028\source\R5T.T0028.Abstractions\R5T.T0028.Abstractions.csproj", "{1C250387-ED39-4C22-B8EA-FFE78956252F}"
EndProject
Project("{FAE04EC0-301F-11D3-BF4B-00C04F79EFBC}") = "R5T.T0028.X001", "..\..\R5T.T0028\source\R5T.T0028.X001\R5T.T0028.X001.csproj", "{DBC57D85-AC22-404A-97C7-6DBA44841981}"
EndProject
Project("{FAE04EC0-301F-11D3-BF4B-00C04F79EFBC}") = "R5T.T0028", "..\..\R5T.T0028\source\R5T.T0028\R5T.T0028.csproj", "{546F9D2E-C2E1-4AB4-A5EB-44421DAB5A9D}"
EndProject
Project("{FAE04EC0-301F-11D3-BF4B-00C04F79EFBC}") = "R5T.T0029.Dotnet.Add", "..\..\R5T.T0029.Dotnet\source\R5T.T0029.Dotnet.Add\R5T.T0029.Dotnet.Add.csproj", "{17901F73-8ADE-47DD-805B-B3EB8529A89F}"
EndProject
Project("{FAE04EC0-301F-11D3-BF4B-00C04F79EFBC}") = "R5T.T0029.Dotnet.New", "..\..\R5T.T0029.Dotnet\source\R5T.T0029.Dotnet.New\R5T.T0029.Dotnet.New.csproj", "{A2BDCA99-1D67-4335-85FA-FBDC9F5C9338}"
EndProject
Project("{FAE04EC0-301F-11D3-BF4B-00C04F79EFBC}") = "R5T.T0029.Dotnet.T001", "..\..\R5T.T0029.Dotnet\source\R5T.T0029.Dotnet.T001\R5T.T0029.Dotnet.T001.csproj", "{FDD16FA6-CCB8-4D9E-B75F-1D9A0B2B02B6}"
EndProject
Project("{FAE04EC0-301F-11D3-BF4B-00C04F79EFBC}") = "R5T.T0029.Dotnet.X001", "..\..\R5T.T0029.Dotnet\source\R5T.T0029.Dotnet.X001\R5T.T0029.Dotnet.X001.csproj", "{5B838B1B-593D-4991-8F53-7B49248817C9}"
EndProject
Project("{FAE04EC0-301F-11D3-BF4B-00C04F79EFBC}") = "R5T.T0029.Dotnet", "..\..\R5T.T0029.Dotnet\source\R5T.T0029.Dotnet\R5T.T0029.Dotnet.csproj", "{20B2EE52-1BBB-404D-B413-D97869A3E9E2}"
EndProject
Project("{FAE04EC0-301F-11D3-BF4B-00C04F79EFBC}") = "R5T.T0029.Abstractions", "..\..\R5T.T0029\source\R5T.T0029.Abstractions\R5T.T0029.Abstractions.csproj", "{494EC3B8-405B-4B7A-8DBC-185DD30AE55F}"
EndProject
Project("{FAE04EC0-301F-11D3-BF4B-00C04F79EFBC}") = "R5T.T0029", "..\..\R5T.T0029\source\R5T.T0029\R5T.T0029.csproj", "{91C42E3C-89A5-4590-8688-CC6A9344E352}"
EndProject
Project("{FAE04EC0-301F-11D3-BF4B-00C04F79EFBC}") = "R5T.T0032", "..\..\R5T.T0032\source\R5T.T0032\R5T.T0032.csproj", "{BD34D058-E6F5-4543-A2D1-8F349F0E8F00}"
EndProject
Project("{FAE04EC0-301F-11D3-BF4B-00C04F79EFBC}") = "R5T.D0084.D001.Base", "..\..\R5T.D0084\source\R5T.D0084.D001.Base\R5T.D0084.D001.Base.csproj", "{0E7D5C62-CAAD-4D2A-AD69-5AF79B284514}"
EndProject
Project("{FAE04EC0-301F-11D3-BF4B-00C04F79EFBC}") = "R5T.D0084.D001.I002", "..\..\R5T.D0084\source\R5T.D0084.D001.I002\R5T.D0084.D001.I002.csproj", "{F7744DC4-454F-446F-B00B-9E4171399366}"
EndProject
Project("{FAE04EC0-301F-11D3-BF4B-00C04F79EFBC}") = "R5T.D0084.D002.Base", "..\..\R5T.D0084\source\R5T.D0084.D002.Base\R5T.D0084.D002.Base.csproj", "{6728FF40-0193-4EA6-BFCC-78F2896868C4}"
EndProject
Project("{FAE04EC0-301F-11D3-BF4B-00C04F79EFBC}") = "R5T.D0084.D003.Base", "..\..\R5T.D0084\source\R5T.D0084.D003.Base\R5T.D0084.D003.Base.csproj", "{79E26C03-A96F-46AA-9808-D529A376C433}"
EndProject
Global
	GlobalSection(SolutionConfigurationPlatforms) = preSolution
		Debug|Any CPU = Debug|Any CPU
		Debug|x64 = Debug|x64
		Debug|x86 = Debug|x86
		Release|Any CPU = Release|Any CPU
		Release|x64 = Release|x64
		Release|x86 = Release|x86
	EndGlobalSection
	GlobalSection(SolutionProperties) = preSolution
		HideSolutionNode = FALSE
	EndGlobalSection
	GlobalSection(ProjectConfigurationPlatforms) = postSolution
		{3F056154-8007-4B05-B6BC-8187BD77E6FF}.Debug|Any CPU.ActiveCfg = Debug|Any CPU
		{3F056154-8007-4B05-B6BC-8187BD77E6FF}.Debug|Any CPU.Build.0 = Debug|Any CPU
		{3F056154-8007-4B05-B6BC-8187BD77E6FF}.Debug|x64.ActiveCfg = Debug|Any CPU
		{3F056154-8007-4B05-B6BC-8187BD77E6FF}.Debug|x64.Build.0 = Debug|Any CPU
		{3F056154-8007-4B05-B6BC-8187BD77E6FF}.Debug|x86.ActiveCfg = Debug|Any CPU
		{3F056154-8007-4B05-B6BC-8187BD77E6FF}.Debug|x86.Build.0 = Debug|Any CPU
		{3F056154-8007-4B05-B6BC-8187BD77E6FF}.Release|Any CPU.ActiveCfg = Release|Any CPU
		{3F056154-8007-4B05-B6BC-8187BD77E6FF}.Release|Any CPU.Build.0 = Release|Any CPU
		{3F056154-8007-4B05-B6BC-8187BD77E6FF}.Release|x64.ActiveCfg = Release|Any CPU
		{3F056154-8007-4B05-B6BC-8187BD77E6FF}.Release|x64.Build.0 = Release|Any CPU
		{3F056154-8007-4B05-B6BC-8187BD77E6FF}.Release|x86.ActiveCfg = Release|Any CPU
		{3F056154-8007-4B05-B6BC-8187BD77E6FF}.Release|x86.Build.0 = Release|Any CPU
		{6858F0CC-F20E-42E8-8BFF-EE51A94DDD58}.Debug|Any CPU.ActiveCfg = Debug|Any CPU
		{6858F0CC-F20E-42E8-8BFF-EE51A94DDD58}.Debug|Any CPU.Build.0 = Debug|Any CPU
		{6858F0CC-F20E-42E8-8BFF-EE51A94DDD58}.Debug|x64.ActiveCfg = Debug|Any CPU
		{6858F0CC-F20E-42E8-8BFF-EE51A94DDD58}.Debug|x64.Build.0 = Debug|Any CPU
		{6858F0CC-F20E-42E8-8BFF-EE51A94DDD58}.Debug|x86.ActiveCfg = Debug|Any CPU
		{6858F0CC-F20E-42E8-8BFF-EE51A94DDD58}.Debug|x86.Build.0 = Debug|Any CPU
		{6858F0CC-F20E-42E8-8BFF-EE51A94DDD58}.Release|Any CPU.ActiveCfg = Release|Any CPU
		{6858F0CC-F20E-42E8-8BFF-EE51A94DDD58}.Release|Any CPU.Build.0 = Release|Any CPU
		{6858F0CC-F20E-42E8-8BFF-EE51A94DDD58}.Release|x64.ActiveCfg = Release|Any CPU
		{6858F0CC-F20E-42E8-8BFF-EE51A94DDD58}.Release|x64.Build.0 = Release|Any CPU
		{6858F0CC-F20E-42E8-8BFF-EE51A94DDD58}.Release|x86.ActiveCfg = Release|Any CPU
		{6858F0CC-F20E-42E8-8BFF-EE51A94DDD58}.Release|x86.Build.0 = Release|Any CPU
		{CBBCC9E2-4DC8-42A4-99C0-5D6F5F369DBA}.Debug|Any CPU.ActiveCfg = Debug|Any CPU
		{CBBCC9E2-4DC8-42A4-99C0-5D6F5F369DBA}.Debug|Any CPU.Build.0 = Debug|Any CPU
		{CBBCC9E2-4DC8-42A4-99C0-5D6F5F369DBA}.Debug|x64.ActiveCfg = Debug|Any CPU
		{CBBCC9E2-4DC8-42A4-99C0-5D6F5F369DBA}.Debug|x64.Build.0 = Debug|Any CPU
		{CBBCC9E2-4DC8-42A4-99C0-5D6F5F369DBA}.Debug|x86.ActiveCfg = Debug|Any CPU
		{CBBCC9E2-4DC8-42A4-99C0-5D6F5F369DBA}.Debug|x86.Build.0 = Debug|Any CPU
		{CBBCC9E2-4DC8-42A4-99C0-5D6F5F369DBA}.Release|Any CPU.ActiveCfg = Release|Any CPU
		{CBBCC9E2-4DC8-42A4-99C0-5D6F5F369DBA}.Release|Any CPU.Build.0 = Release|Any CPU
		{CBBCC9E2-4DC8-42A4-99C0-5D6F5F369DBA}.Release|x64.ActiveCfg = Release|Any CPU
		{CBBCC9E2-4DC8-42A4-99C0-5D6F5F369DBA}.Release|x64.Build.0 = Release|Any CPU
		{CBBCC9E2-4DC8-42A4-99C0-5D6F5F369DBA}.Release|x86.ActiveCfg = Release|Any CPU
		{CBBCC9E2-4DC8-42A4-99C0-5D6F5F369DBA}.Release|x86.Build.0 = Release|Any CPU
		{849C5B25-8A28-4B07-8DED-B26C8A3F1CE1}.Debug|Any CPU.ActiveCfg = Debug|Any CPU
		{849C5B25-8A28-4B07-8DED-B26C8A3F1CE1}.Debug|Any CPU.Build.0 = Debug|Any CPU
		{849C5B25-8A28-4B07-8DED-B26C8A3F1CE1}.Debug|x64.ActiveCfg = Debug|Any CPU
		{849C5B25-8A28-4B07-8DED-B26C8A3F1CE1}.Debug|x64.Build.0 = Debug|Any CPU
		{849C5B25-8A28-4B07-8DED-B26C8A3F1CE1}.Debug|x86.ActiveCfg = Debug|Any CPU
		{849C5B25-8A28-4B07-8DED-B26C8A3F1CE1}.Debug|x86.Build.0 = Debug|Any CPU
		{849C5B25-8A28-4B07-8DED-B26C8A3F1CE1}.Release|Any CPU.ActiveCfg = Release|Any CPU
		{849C5B25-8A28-4B07-8DED-B26C8A3F1CE1}.Release|Any CPU.Build.0 = Release|Any CPU
		{849C5B25-8A28-4B07-8DED-B26C8A3F1CE1}.Release|x64.ActiveCfg = Release|Any CPU
		{849C5B25-8A28-4B07-8DED-B26C8A3F1CE1}.Release|x64.Build.0 = Release|Any CPU
		{849C5B25-8A28-4B07-8DED-B26C8A3F1CE1}.Release|x86.ActiveCfg = Release|Any CPU
		{849C5B25-8A28-4B07-8DED-B26C8A3F1CE1}.Release|x86.Build.0 = Release|Any CPU
		{6128A2DE-FF2B-4999-B709-F01E8A9AAD30}.Debug|Any CPU.ActiveCfg = Debug|Any CPU
		{6128A2DE-FF2B-4999-B709-F01E8A9AAD30}.Debug|Any CPU.Build.0 = Debug|Any CPU
		{6128A2DE-FF2B-4999-B709-F01E8A9AAD30}.Debug|x64.ActiveCfg = Debug|Any CPU
		{6128A2DE-FF2B-4999-B709-F01E8A9AAD30}.Debug|x64.Build.0 = Debug|Any CPU
		{6128A2DE-FF2B-4999-B709-F01E8A9AAD30}.Debug|x86.ActiveCfg = Debug|Any CPU
		{6128A2DE-FF2B-4999-B709-F01E8A9AAD30}.Debug|x86.Build.0 = Debug|Any CPU
		{6128A2DE-FF2B-4999-B709-F01E8A9AAD30}.Release|Any CPU.ActiveCfg = Release|Any CPU
		{6128A2DE-FF2B-4999-B709-F01E8A9AAD30}.Release|Any CPU.Build.0 = Release|Any CPU
		{6128A2DE-FF2B-4999-B709-F01E8A9AAD30}.Release|x64.ActiveCfg = Release|Any CPU
		{6128A2DE-FF2B-4999-B709-F01E8A9AAD30}.Release|x64.Build.0 = Release|Any CPU
		{6128A2DE-FF2B-4999-B709-F01E8A9AAD30}.Release|x86.ActiveCfg = Release|Any CPU
		{6128A2DE-FF2B-4999-B709-F01E8A9AAD30}.Release|x86.Build.0 = Release|Any CPU
		{9AF521DB-1937-479D-BE63-DF5C9A61D6BC}.Debug|Any CPU.ActiveCfg = Debug|Any CPU
		{9AF521DB-1937-479D-BE63-DF5C9A61D6BC}.Debug|Any CPU.Build.0 = Debug|Any CPU
		{9AF521DB-1937-479D-BE63-DF5C9A61D6BC}.Debug|x64.ActiveCfg = Debug|Any CPU
		{9AF521DB-1937-479D-BE63-DF5C9A61D6BC}.Debug|x64.Build.0 = Debug|Any CPU
		{9AF521DB-1937-479D-BE63-DF5C9A61D6BC}.Debug|x86.ActiveCfg = Debug|Any CPU
		{9AF521DB-1937-479D-BE63-DF5C9A61D6BC}.Debug|x86.Build.0 = Debug|Any CPU
		{9AF521DB-1937-479D-BE63-DF5C9A61D6BC}.Release|Any CPU.ActiveCfg = Release|Any CPU
		{9AF521DB-1937-479D-BE63-DF5C9A61D6BC}.Release|Any CPU.Build.0 = Release|Any CPU
		{9AF521DB-1937-479D-BE63-DF5C9A61D6BC}.Release|x64.ActiveCfg = Release|Any CPU
		{9AF521DB-1937-479D-BE63-DF5C9A61D6BC}.Release|x64.Build.0 = Release|Any CPU
		{9AF521DB-1937-479D-BE63-DF5C9A61D6BC}.Release|x86.ActiveCfg = Release|Any CPU
		{9AF521DB-1937-479D-BE63-DF5C9A61D6BC}.Release|x86.Build.0 = Release|Any CPU
		{8AACA632-0682-4591-8950-9D5E99FF39FC}.Debug|Any CPU.ActiveCfg = Debug|Any CPU
		{8AACA632-0682-4591-8950-9D5E99FF39FC}.Debug|Any CPU.Build.0 = Debug|Any CPU
		{8AACA632-0682-4591-8950-9D5E99FF39FC}.Debug|x64.ActiveCfg = Debug|Any CPU
		{8AACA632-0682-4591-8950-9D5E99FF39FC}.Debug|x64.Build.0 = Debug|Any CPU
		{8AACA632-0682-4591-8950-9D5E99FF39FC}.Debug|x86.ActiveCfg = Debug|Any CPU
		{8AACA632-0682-4591-8950-9D5E99FF39FC}.Debug|x86.Build.0 = Debug|Any CPU
		{8AACA632-0682-4591-8950-9D5E99FF39FC}.Release|Any CPU.ActiveCfg = Release|Any CPU
		{8AACA632-0682-4591-8950-9D5E99FF39FC}.Release|Any CPU.Build.0 = Release|Any CPU
		{8AACA632-0682-4591-8950-9D5E99FF39FC}.Release|x64.ActiveCfg = Release|Any CPU
		{8AACA632-0682-4591-8950-9D5E99FF39FC}.Release|x64.Build.0 = Release|Any CPU
		{8AACA632-0682-4591-8950-9D5E99FF39FC}.Release|x86.ActiveCfg = Release|Any CPU
		{8AACA632-0682-4591-8950-9D5E99FF39FC}.Release|x86.Build.0 = Release|Any CPU
		{632BE0D2-587C-4D00-B563-83B0169CDF3B}.Debug|Any CPU.ActiveCfg = Debug|Any CPU
		{632BE0D2-587C-4D00-B563-83B0169CDF3B}.Debug|Any CPU.Build.0 = Debug|Any CPU
		{632BE0D2-587C-4D00-B563-83B0169CDF3B}.Debug|x64.ActiveCfg = Debug|Any CPU
		{632BE0D2-587C-4D00-B563-83B0169CDF3B}.Debug|x64.Build.0 = Debug|Any CPU
		{632BE0D2-587C-4D00-B563-83B0169CDF3B}.Debug|x86.ActiveCfg = Debug|Any CPU
		{632BE0D2-587C-4D00-B563-83B0169CDF3B}.Debug|x86.Build.0 = Debug|Any CPU
		{632BE0D2-587C-4D00-B563-83B0169CDF3B}.Release|Any CPU.ActiveCfg = Release|Any CPU
		{632BE0D2-587C-4D00-B563-83B0169CDF3B}.Release|Any CPU.Build.0 = Release|Any CPU
		{632BE0D2-587C-4D00-B563-83B0169CDF3B}.Release|x64.ActiveCfg = Release|Any CPU
		{632BE0D2-587C-4D00-B563-83B0169CDF3B}.Release|x64.Build.0 = Release|Any CPU
		{632BE0D2-587C-4D00-B563-83B0169CDF3B}.Release|x86.ActiveCfg = Release|Any CPU
		{632BE0D2-587C-4D00-B563-83B0169CDF3B}.Release|x86.Build.0 = Release|Any CPU
		{347171CB-D0F5-46F5-B999-007A9809DB12}.Debug|Any CPU.ActiveCfg = Debug|Any CPU
		{347171CB-D0F5-46F5-B999-007A9809DB12}.Debug|Any CPU.Build.0 = Debug|Any CPU
		{347171CB-D0F5-46F5-B999-007A9809DB12}.Debug|x64.ActiveCfg = Debug|Any CPU
		{347171CB-D0F5-46F5-B999-007A9809DB12}.Debug|x64.Build.0 = Debug|Any CPU
		{347171CB-D0F5-46F5-B999-007A9809DB12}.Debug|x86.ActiveCfg = Debug|Any CPU
		{347171CB-D0F5-46F5-B999-007A9809DB12}.Debug|x86.Build.0 = Debug|Any CPU
		{347171CB-D0F5-46F5-B999-007A9809DB12}.Release|Any CPU.ActiveCfg = Release|Any CPU
		{347171CB-D0F5-46F5-B999-007A9809DB12}.Release|Any CPU.Build.0 = Release|Any CPU
		{347171CB-D0F5-46F5-B999-007A9809DB12}.Release|x64.ActiveCfg = Release|Any CPU
		{347171CB-D0F5-46F5-B999-007A9809DB12}.Release|x64.Build.0 = Release|Any CPU
		{347171CB-D0F5-46F5-B999-007A9809DB12}.Release|x86.ActiveCfg = Release|Any CPU
		{347171CB-D0F5-46F5-B999-007A9809DB12}.Release|x86.Build.0 = Release|Any CPU
		{32E73B6D-C5DB-4857-AD6A-A7210C4073D6}.Debug|Any CPU.ActiveCfg = Debug|Any CPU
		{32E73B6D-C5DB-4857-AD6A-A7210C4073D6}.Debug|Any CPU.Build.0 = Debug|Any CPU
		{32E73B6D-C5DB-4857-AD6A-A7210C4073D6}.Debug|x64.ActiveCfg = Debug|Any CPU
		{32E73B6D-C5DB-4857-AD6A-A7210C4073D6}.Debug|x64.Build.0 = Debug|Any CPU
		{32E73B6D-C5DB-4857-AD6A-A7210C4073D6}.Debug|x86.ActiveCfg = Debug|Any CPU
		{32E73B6D-C5DB-4857-AD6A-A7210C4073D6}.Debug|x86.Build.0 = Debug|Any CPU
		{32E73B6D-C5DB-4857-AD6A-A7210C4073D6}.Release|Any CPU.ActiveCfg = Release|Any CPU
		{32E73B6D-C5DB-4857-AD6A-A7210C4073D6}.Release|Any CPU.Build.0 = Release|Any CPU
		{32E73B6D-C5DB-4857-AD6A-A7210C4073D6}.Release|x64.ActiveCfg = Release|Any CPU
		{32E73B6D-C5DB-4857-AD6A-A7210C4073D6}.Release|x64.Build.0 = Release|Any CPU
		{32E73B6D-C5DB-4857-AD6A-A7210C4073D6}.Release|x86.ActiveCfg = Release|Any CPU
		{32E73B6D-C5DB-4857-AD6A-A7210C4073D6}.Release|x86.Build.0 = Release|Any CPU
		{DD3106DF-FB75-4F3C-B3D3-BF01B7431841}.Debug|Any CPU.ActiveCfg = Debug|Any CPU
		{DD3106DF-FB75-4F3C-B3D3-BF01B7431841}.Debug|Any CPU.Build.0 = Debug|Any CPU
		{DD3106DF-FB75-4F3C-B3D3-BF01B7431841}.Debug|x64.ActiveCfg = Debug|Any CPU
		{DD3106DF-FB75-4F3C-B3D3-BF01B7431841}.Debug|x64.Build.0 = Debug|Any CPU
		{DD3106DF-FB75-4F3C-B3D3-BF01B7431841}.Debug|x86.ActiveCfg = Debug|Any CPU
		{DD3106DF-FB75-4F3C-B3D3-BF01B7431841}.Debug|x86.Build.0 = Debug|Any CPU
		{DD3106DF-FB75-4F3C-B3D3-BF01B7431841}.Release|Any CPU.ActiveCfg = Release|Any CPU
		{DD3106DF-FB75-4F3C-B3D3-BF01B7431841}.Release|Any CPU.Build.0 = Release|Any CPU
		{DD3106DF-FB75-4F3C-B3D3-BF01B7431841}.Release|x64.ActiveCfg = Release|Any CPU
		{DD3106DF-FB75-4F3C-B3D3-BF01B7431841}.Release|x64.Build.0 = Release|Any CPU
		{DD3106DF-FB75-4F3C-B3D3-BF01B7431841}.Release|x86.ActiveCfg = Release|Any CPU
		{DD3106DF-FB75-4F3C-B3D3-BF01B7431841}.Release|x86.Build.0 = Release|Any CPU
		{6B94BC2D-E4A6-46DC-9279-03C9ECB37010}.Debug|Any CPU.ActiveCfg = Debug|Any CPU
		{6B94BC2D-E4A6-46DC-9279-03C9ECB37010}.Debug|Any CPU.Build.0 = Debug|Any CPU
		{6B94BC2D-E4A6-46DC-9279-03C9ECB37010}.Debug|x64.ActiveCfg = Debug|Any CPU
		{6B94BC2D-E4A6-46DC-9279-03C9ECB37010}.Debug|x64.Build.0 = Debug|Any CPU
		{6B94BC2D-E4A6-46DC-9279-03C9ECB37010}.Debug|x86.ActiveCfg = Debug|Any CPU
		{6B94BC2D-E4A6-46DC-9279-03C9ECB37010}.Debug|x86.Build.0 = Debug|Any CPU
		{6B94BC2D-E4A6-46DC-9279-03C9ECB37010}.Release|Any CPU.ActiveCfg = Release|Any CPU
		{6B94BC2D-E4A6-46DC-9279-03C9ECB37010}.Release|Any CPU.Build.0 = Release|Any CPU
		{6B94BC2D-E4A6-46DC-9279-03C9ECB37010}.Release|x64.ActiveCfg = Release|Any CPU
		{6B94BC2D-E4A6-46DC-9279-03C9ECB37010}.Release|x64.Build.0 = Release|Any CPU
		{6B94BC2D-E4A6-46DC-9279-03C9ECB37010}.Release|x86.ActiveCfg = Release|Any CPU
		{6B94BC2D-E4A6-46DC-9279-03C9ECB37010}.Release|x86.Build.0 = Release|Any CPU
		{3031B4C3-BB11-4171-842F-B17D897CF24A}.Debug|Any CPU.ActiveCfg = Debug|Any CPU
		{3031B4C3-BB11-4171-842F-B17D897CF24A}.Debug|Any CPU.Build.0 = Debug|Any CPU
		{3031B4C3-BB11-4171-842F-B17D897CF24A}.Debug|x64.ActiveCfg = Debug|Any CPU
		{3031B4C3-BB11-4171-842F-B17D897CF24A}.Debug|x64.Build.0 = Debug|Any CPU
		{3031B4C3-BB11-4171-842F-B17D897CF24A}.Debug|x86.ActiveCfg = Debug|Any CPU
		{3031B4C3-BB11-4171-842F-B17D897CF24A}.Debug|x86.Build.0 = Debug|Any CPU
		{3031B4C3-BB11-4171-842F-B17D897CF24A}.Release|Any CPU.ActiveCfg = Release|Any CPU
		{3031B4C3-BB11-4171-842F-B17D897CF24A}.Release|Any CPU.Build.0 = Release|Any CPU
		{3031B4C3-BB11-4171-842F-B17D897CF24A}.Release|x64.ActiveCfg = Release|Any CPU
		{3031B4C3-BB11-4171-842F-B17D897CF24A}.Release|x64.Build.0 = Release|Any CPU
		{3031B4C3-BB11-4171-842F-B17D897CF24A}.Release|x86.ActiveCfg = Release|Any CPU
		{3031B4C3-BB11-4171-842F-B17D897CF24A}.Release|x86.Build.0 = Release|Any CPU
		{52A7F751-C330-41D1-A23B-9542B5EE321E}.Debug|Any CPU.ActiveCfg = Debug|Any CPU
		{52A7F751-C330-41D1-A23B-9542B5EE321E}.Debug|Any CPU.Build.0 = Debug|Any CPU
		{52A7F751-C330-41D1-A23B-9542B5EE321E}.Debug|x64.ActiveCfg = Debug|Any CPU
		{52A7F751-C330-41D1-A23B-9542B5EE321E}.Debug|x64.Build.0 = Debug|Any CPU
		{52A7F751-C330-41D1-A23B-9542B5EE321E}.Debug|x86.ActiveCfg = Debug|Any CPU
		{52A7F751-C330-41D1-A23B-9542B5EE321E}.Debug|x86.Build.0 = Debug|Any CPU
		{52A7F751-C330-41D1-A23B-9542B5EE321E}.Release|Any CPU.ActiveCfg = Release|Any CPU
		{52A7F751-C330-41D1-A23B-9542B5EE321E}.Release|Any CPU.Build.0 = Release|Any CPU
		{52A7F751-C330-41D1-A23B-9542B5EE321E}.Release|x64.ActiveCfg = Release|Any CPU
		{52A7F751-C330-41D1-A23B-9542B5EE321E}.Release|x64.Build.0 = Release|Any CPU
		{52A7F751-C330-41D1-A23B-9542B5EE321E}.Release|x86.ActiveCfg = Release|Any CPU
		{52A7F751-C330-41D1-A23B-9542B5EE321E}.Release|x86.Build.0 = Release|Any CPU
		{80A65CB5-1CB3-4F1A-9665-F629D9BC5626}.Debug|Any CPU.ActiveCfg = Debug|Any CPU
		{80A65CB5-1CB3-4F1A-9665-F629D9BC5626}.Debug|Any CPU.Build.0 = Debug|Any CPU
		{80A65CB5-1CB3-4F1A-9665-F629D9BC5626}.Debug|x64.ActiveCfg = Debug|Any CPU
		{80A65CB5-1CB3-4F1A-9665-F629D9BC5626}.Debug|x64.Build.0 = Debug|Any CPU
		{80A65CB5-1CB3-4F1A-9665-F629D9BC5626}.Debug|x86.ActiveCfg = Debug|Any CPU
		{80A65CB5-1CB3-4F1A-9665-F629D9BC5626}.Debug|x86.Build.0 = Debug|Any CPU
		{80A65CB5-1CB3-4F1A-9665-F629D9BC5626}.Release|Any CPU.ActiveCfg = Release|Any CPU
		{80A65CB5-1CB3-4F1A-9665-F629D9BC5626}.Release|Any CPU.Build.0 = Release|Any CPU
		{80A65CB5-1CB3-4F1A-9665-F629D9BC5626}.Release|x64.ActiveCfg = Release|Any CPU
		{80A65CB5-1CB3-4F1A-9665-F629D9BC5626}.Release|x64.Build.0 = Release|Any CPU
		{80A65CB5-1CB3-4F1A-9665-F629D9BC5626}.Release|x86.ActiveCfg = Release|Any CPU
		{80A65CB5-1CB3-4F1A-9665-F629D9BC5626}.Release|x86.Build.0 = Release|Any CPU
		{5898A82A-A8C0-487A-8D18-62736E66E07B}.Debug|Any CPU.ActiveCfg = Debug|Any CPU
		{5898A82A-A8C0-487A-8D18-62736E66E07B}.Debug|Any CPU.Build.0 = Debug|Any CPU
		{5898A82A-A8C0-487A-8D18-62736E66E07B}.Debug|x64.ActiveCfg = Debug|Any CPU
		{5898A82A-A8C0-487A-8D18-62736E66E07B}.Debug|x64.Build.0 = Debug|Any CPU
		{5898A82A-A8C0-487A-8D18-62736E66E07B}.Debug|x86.ActiveCfg = Debug|Any CPU
		{5898A82A-A8C0-487A-8D18-62736E66E07B}.Debug|x86.Build.0 = Debug|Any CPU
		{5898A82A-A8C0-487A-8D18-62736E66E07B}.Release|Any CPU.ActiveCfg = Release|Any CPU
		{5898A82A-A8C0-487A-8D18-62736E66E07B}.Release|Any CPU.Build.0 = Release|Any CPU
		{5898A82A-A8C0-487A-8D18-62736E66E07B}.Release|x64.ActiveCfg = Release|Any CPU
		{5898A82A-A8C0-487A-8D18-62736E66E07B}.Release|x64.Build.0 = Release|Any CPU
		{5898A82A-A8C0-487A-8D18-62736E66E07B}.Release|x86.ActiveCfg = Release|Any CPU
		{5898A82A-A8C0-487A-8D18-62736E66E07B}.Release|x86.Build.0 = Release|Any CPU
		{BC7EEDD8-9406-416B-8149-60576A5063D6}.Debug|Any CPU.ActiveCfg = Debug|Any CPU
		{BC7EEDD8-9406-416B-8149-60576A5063D6}.Debug|Any CPU.Build.0 = Debug|Any CPU
		{BC7EEDD8-9406-416B-8149-60576A5063D6}.Debug|x64.ActiveCfg = Debug|Any CPU
		{BC7EEDD8-9406-416B-8149-60576A5063D6}.Debug|x64.Build.0 = Debug|Any CPU
		{BC7EEDD8-9406-416B-8149-60576A5063D6}.Debug|x86.ActiveCfg = Debug|Any CPU
		{BC7EEDD8-9406-416B-8149-60576A5063D6}.Debug|x86.Build.0 = Debug|Any CPU
		{BC7EEDD8-9406-416B-8149-60576A5063D6}.Release|Any CPU.ActiveCfg = Release|Any CPU
		{BC7EEDD8-9406-416B-8149-60576A5063D6}.Release|Any CPU.Build.0 = Release|Any CPU
		{BC7EEDD8-9406-416B-8149-60576A5063D6}.Release|x64.ActiveCfg = Release|Any CPU
		{BC7EEDD8-9406-416B-8149-60576A5063D6}.Release|x64.Build.0 = Release|Any CPU
		{BC7EEDD8-9406-416B-8149-60576A5063D6}.Release|x86.ActiveCfg = Release|Any CPU
		{BC7EEDD8-9406-416B-8149-60576A5063D6}.Release|x86.Build.0 = Release|Any CPU
		{5FDE1F95-D74A-4E1B-A5A6-0AFA6432E5A5}.Debug|Any CPU.ActiveCfg = Debug|Any CPU
		{5FDE1F95-D74A-4E1B-A5A6-0AFA6432E5A5}.Debug|Any CPU.Build.0 = Debug|Any CPU
		{5FDE1F95-D74A-4E1B-A5A6-0AFA6432E5A5}.Debug|x64.ActiveCfg = Debug|Any CPU
		{5FDE1F95-D74A-4E1B-A5A6-0AFA6432E5A5}.Debug|x64.Build.0 = Debug|Any CPU
		{5FDE1F95-D74A-4E1B-A5A6-0AFA6432E5A5}.Debug|x86.ActiveCfg = Debug|Any CPU
		{5FDE1F95-D74A-4E1B-A5A6-0AFA6432E5A5}.Debug|x86.Build.0 = Debug|Any CPU
		{5FDE1F95-D74A-4E1B-A5A6-0AFA6432E5A5}.Release|Any CPU.ActiveCfg = Release|Any CPU
		{5FDE1F95-D74A-4E1B-A5A6-0AFA6432E5A5}.Release|Any CPU.Build.0 = Release|Any CPU
		{5FDE1F95-D74A-4E1B-A5A6-0AFA6432E5A5}.Release|x64.ActiveCfg = Release|Any CPU
		{5FDE1F95-D74A-4E1B-A5A6-0AFA6432E5A5}.Release|x64.Build.0 = Release|Any CPU
		{5FDE1F95-D74A-4E1B-A5A6-0AFA6432E5A5}.Release|x86.ActiveCfg = Release|Any CPU
		{5FDE1F95-D74A-4E1B-A5A6-0AFA6432E5A5}.Release|x86.Build.0 = Release|Any CPU
		{80F2CC7D-7AF6-4511-A1AC-5359204C2E9E}.Debug|Any CPU.ActiveCfg = Debug|Any CPU
		{80F2CC7D-7AF6-4511-A1AC-5359204C2E9E}.Debug|Any CPU.Build.0 = Debug|Any CPU
		{80F2CC7D-7AF6-4511-A1AC-5359204C2E9E}.Debug|x64.ActiveCfg = Debug|Any CPU
		{80F2CC7D-7AF6-4511-A1AC-5359204C2E9E}.Debug|x64.Build.0 = Debug|Any CPU
		{80F2CC7D-7AF6-4511-A1AC-5359204C2E9E}.Debug|x86.ActiveCfg = Debug|Any CPU
		{80F2CC7D-7AF6-4511-A1AC-5359204C2E9E}.Debug|x86.Build.0 = Debug|Any CPU
		{80F2CC7D-7AF6-4511-A1AC-5359204C2E9E}.Release|Any CPU.ActiveCfg = Release|Any CPU
		{80F2CC7D-7AF6-4511-A1AC-5359204C2E9E}.Release|Any CPU.Build.0 = Release|Any CPU
		{80F2CC7D-7AF6-4511-A1AC-5359204C2E9E}.Release|x64.ActiveCfg = Release|Any CPU
		{80F2CC7D-7AF6-4511-A1AC-5359204C2E9E}.Release|x64.Build.0 = Release|Any CPU
		{80F2CC7D-7AF6-4511-A1AC-5359204C2E9E}.Release|x86.ActiveCfg = Release|Any CPU
		{80F2CC7D-7AF6-4511-A1AC-5359204C2E9E}.Release|x86.Build.0 = Release|Any CPU
		{1004081C-A4EE-4704-A9AA-C76C503F2F67}.Debug|Any CPU.ActiveCfg = Debug|Any CPU
		{1004081C-A4EE-4704-A9AA-C76C503F2F67}.Debug|Any CPU.Build.0 = Debug|Any CPU
		{1004081C-A4EE-4704-A9AA-C76C503F2F67}.Debug|x64.ActiveCfg = Debug|Any CPU
		{1004081C-A4EE-4704-A9AA-C76C503F2F67}.Debug|x64.Build.0 = Debug|Any CPU
		{1004081C-A4EE-4704-A9AA-C76C503F2F67}.Debug|x86.ActiveCfg = Debug|Any CPU
		{1004081C-A4EE-4704-A9AA-C76C503F2F67}.Debug|x86.Build.0 = Debug|Any CPU
		{1004081C-A4EE-4704-A9AA-C76C503F2F67}.Release|Any CPU.ActiveCfg = Release|Any CPU
		{1004081C-A4EE-4704-A9AA-C76C503F2F67}.Release|Any CPU.Build.0 = Release|Any CPU
		{1004081C-A4EE-4704-A9AA-C76C503F2F67}.Release|x64.ActiveCfg = Release|Any CPU
		{1004081C-A4EE-4704-A9AA-C76C503F2F67}.Release|x64.Build.0 = Release|Any CPU
		{1004081C-A4EE-4704-A9AA-C76C503F2F67}.Release|x86.ActiveCfg = Release|Any CPU
		{1004081C-A4EE-4704-A9AA-C76C503F2F67}.Release|x86.Build.0 = Release|Any CPU
		{DEF1CB07-F8C3-4105-B6D6-C1E76945B23B}.Debug|Any CPU.ActiveCfg = Debug|Any CPU
		{DEF1CB07-F8C3-4105-B6D6-C1E76945B23B}.Debug|Any CPU.Build.0 = Debug|Any CPU
		{DEF1CB07-F8C3-4105-B6D6-C1E76945B23B}.Debug|x64.ActiveCfg = Debug|Any CPU
		{DEF1CB07-F8C3-4105-B6D6-C1E76945B23B}.Debug|x64.Build.0 = Debug|Any CPU
		{DEF1CB07-F8C3-4105-B6D6-C1E76945B23B}.Debug|x86.ActiveCfg = Debug|Any CPU
		{DEF1CB07-F8C3-4105-B6D6-C1E76945B23B}.Debug|x86.Build.0 = Debug|Any CPU
		{DEF1CB07-F8C3-4105-B6D6-C1E76945B23B}.Release|Any CPU.ActiveCfg = Release|Any CPU
		{DEF1CB07-F8C3-4105-B6D6-C1E76945B23B}.Release|Any CPU.Build.0 = Release|Any CPU
		{DEF1CB07-F8C3-4105-B6D6-C1E76945B23B}.Release|x64.ActiveCfg = Release|Any CPU
		{DEF1CB07-F8C3-4105-B6D6-C1E76945B23B}.Release|x64.Build.0 = Release|Any CPU
		{DEF1CB07-F8C3-4105-B6D6-C1E76945B23B}.Release|x86.ActiveCfg = Release|Any CPU
		{DEF1CB07-F8C3-4105-B6D6-C1E76945B23B}.Release|x86.Build.0 = Release|Any CPU
		{79FC15DD-2AB2-4F75-859D-D67B21FEFC7C}.Debug|Any CPU.ActiveCfg = Debug|Any CPU
		{79FC15DD-2AB2-4F75-859D-D67B21FEFC7C}.Debug|Any CPU.Build.0 = Debug|Any CPU
		{79FC15DD-2AB2-4F75-859D-D67B21FEFC7C}.Debug|x64.ActiveCfg = Debug|Any CPU
		{79FC15DD-2AB2-4F75-859D-D67B21FEFC7C}.Debug|x64.Build.0 = Debug|Any CPU
		{79FC15DD-2AB2-4F75-859D-D67B21FEFC7C}.Debug|x86.ActiveCfg = Debug|Any CPU
		{79FC15DD-2AB2-4F75-859D-D67B21FEFC7C}.Debug|x86.Build.0 = Debug|Any CPU
		{79FC15DD-2AB2-4F75-859D-D67B21FEFC7C}.Release|Any CPU.ActiveCfg = Release|Any CPU
		{79FC15DD-2AB2-4F75-859D-D67B21FEFC7C}.Release|Any CPU.Build.0 = Release|Any CPU
		{79FC15DD-2AB2-4F75-859D-D67B21FEFC7C}.Release|x64.ActiveCfg = Release|Any CPU
		{79FC15DD-2AB2-4F75-859D-D67B21FEFC7C}.Release|x64.Build.0 = Release|Any CPU
		{79FC15DD-2AB2-4F75-859D-D67B21FEFC7C}.Release|x86.ActiveCfg = Release|Any CPU
		{79FC15DD-2AB2-4F75-859D-D67B21FEFC7C}.Release|x86.Build.0 = Release|Any CPU
		{D6185AF9-47EA-46DB-98F7-1F183608222C}.Debug|Any CPU.ActiveCfg = Debug|Any CPU
		{D6185AF9-47EA-46DB-98F7-1F183608222C}.Debug|Any CPU.Build.0 = Debug|Any CPU
		{D6185AF9-47EA-46DB-98F7-1F183608222C}.Debug|x64.ActiveCfg = Debug|Any CPU
		{D6185AF9-47EA-46DB-98F7-1F183608222C}.Debug|x64.Build.0 = Debug|Any CPU
		{D6185AF9-47EA-46DB-98F7-1F183608222C}.Debug|x86.ActiveCfg = Debug|Any CPU
		{D6185AF9-47EA-46DB-98F7-1F183608222C}.Debug|x86.Build.0 = Debug|Any CPU
		{D6185AF9-47EA-46DB-98F7-1F183608222C}.Release|Any CPU.ActiveCfg = Release|Any CPU
		{D6185AF9-47EA-46DB-98F7-1F183608222C}.Release|Any CPU.Build.0 = Release|Any CPU
		{D6185AF9-47EA-46DB-98F7-1F183608222C}.Release|x64.ActiveCfg = Release|Any CPU
		{D6185AF9-47EA-46DB-98F7-1F183608222C}.Release|x64.Build.0 = Release|Any CPU
		{D6185AF9-47EA-46DB-98F7-1F183608222C}.Release|x86.ActiveCfg = Release|Any CPU
		{D6185AF9-47EA-46DB-98F7-1F183608222C}.Release|x86.Build.0 = Release|Any CPU
		{EF9C2935-150E-4382-ADF7-899FCAA94B5D}.Debug|Any CPU.ActiveCfg = Debug|Any CPU
		{EF9C2935-150E-4382-ADF7-899FCAA94B5D}.Debug|Any CPU.Build.0 = Debug|Any CPU
		{EF9C2935-150E-4382-ADF7-899FCAA94B5D}.Debug|x64.ActiveCfg = Debug|Any CPU
		{EF9C2935-150E-4382-ADF7-899FCAA94B5D}.Debug|x64.Build.0 = Debug|Any CPU
		{EF9C2935-150E-4382-ADF7-899FCAA94B5D}.Debug|x86.ActiveCfg = Debug|Any CPU
		{EF9C2935-150E-4382-ADF7-899FCAA94B5D}.Debug|x86.Build.0 = Debug|Any CPU
		{EF9C2935-150E-4382-ADF7-899FCAA94B5D}.Release|Any CPU.ActiveCfg = Release|Any CPU
		{EF9C2935-150E-4382-ADF7-899FCAA94B5D}.Release|Any CPU.Build.0 = Release|Any CPU
		{EF9C2935-150E-4382-ADF7-899FCAA94B5D}.Release|x64.ActiveCfg = Release|Any CPU
		{EF9C2935-150E-4382-ADF7-899FCAA94B5D}.Release|x64.Build.0 = Release|Any CPU
		{EF9C2935-150E-4382-ADF7-899FCAA94B5D}.Release|x86.ActiveCfg = Release|Any CPU
		{EF9C2935-150E-4382-ADF7-899FCAA94B5D}.Release|x86.Build.0 = Release|Any CPU
		{F7DBC2C2-5DE5-475B-B05B-7583D78E7A02}.Debug|Any CPU.ActiveCfg = Debug|Any CPU
		{F7DBC2C2-5DE5-475B-B05B-7583D78E7A02}.Debug|Any CPU.Build.0 = Debug|Any CPU
		{F7DBC2C2-5DE5-475B-B05B-7583D78E7A02}.Debug|x64.ActiveCfg = Debug|Any CPU
		{F7DBC2C2-5DE5-475B-B05B-7583D78E7A02}.Debug|x64.Build.0 = Debug|Any CPU
		{F7DBC2C2-5DE5-475B-B05B-7583D78E7A02}.Debug|x86.ActiveCfg = Debug|Any CPU
		{F7DBC2C2-5DE5-475B-B05B-7583D78E7A02}.Debug|x86.Build.0 = Debug|Any CPU
		{F7DBC2C2-5DE5-475B-B05B-7583D78E7A02}.Release|Any CPU.ActiveCfg = Release|Any CPU
		{F7DBC2C2-5DE5-475B-B05B-7583D78E7A02}.Release|Any CPU.Build.0 = Release|Any CPU
		{F7DBC2C2-5DE5-475B-B05B-7583D78E7A02}.Release|x64.ActiveCfg = Release|Any CPU
		{F7DBC2C2-5DE5-475B-B05B-7583D78E7A02}.Release|x64.Build.0 = Release|Any CPU
		{F7DBC2C2-5DE5-475B-B05B-7583D78E7A02}.Release|x86.ActiveCfg = Release|Any CPU
		{F7DBC2C2-5DE5-475B-B05B-7583D78E7A02}.Release|x86.Build.0 = Release|Any CPU
		{E2210F7E-F96C-48C8-8DA9-40AAA2007001}.Debug|Any CPU.ActiveCfg = Debug|Any CPU
		{E2210F7E-F96C-48C8-8DA9-40AAA2007001}.Debug|Any CPU.Build.0 = Debug|Any CPU
		{E2210F7E-F96C-48C8-8DA9-40AAA2007001}.Debug|x64.ActiveCfg = Debug|Any CPU
		{E2210F7E-F96C-48C8-8DA9-40AAA2007001}.Debug|x64.Build.0 = Debug|Any CPU
		{E2210F7E-F96C-48C8-8DA9-40AAA2007001}.Debug|x86.ActiveCfg = Debug|Any CPU
		{E2210F7E-F96C-48C8-8DA9-40AAA2007001}.Debug|x86.Build.0 = Debug|Any CPU
		{E2210F7E-F96C-48C8-8DA9-40AAA2007001}.Release|Any CPU.ActiveCfg = Release|Any CPU
		{E2210F7E-F96C-48C8-8DA9-40AAA2007001}.Release|Any CPU.Build.0 = Release|Any CPU
		{E2210F7E-F96C-48C8-8DA9-40AAA2007001}.Release|x64.ActiveCfg = Release|Any CPU
		{E2210F7E-F96C-48C8-8DA9-40AAA2007001}.Release|x64.Build.0 = Release|Any CPU
		{E2210F7E-F96C-48C8-8DA9-40AAA2007001}.Release|x86.ActiveCfg = Release|Any CPU
		{E2210F7E-F96C-48C8-8DA9-40AAA2007001}.Release|x86.Build.0 = Release|Any CPU
		{BEE85F00-5CBA-4902-B4D5-74DBF4C472CE}.Debug|Any CPU.ActiveCfg = Debug|Any CPU
		{BEE85F00-5CBA-4902-B4D5-74DBF4C472CE}.Debug|Any CPU.Build.0 = Debug|Any CPU
		{BEE85F00-5CBA-4902-B4D5-74DBF4C472CE}.Debug|x64.ActiveCfg = Debug|Any CPU
		{BEE85F00-5CBA-4902-B4D5-74DBF4C472CE}.Debug|x64.Build.0 = Debug|Any CPU
		{BEE85F00-5CBA-4902-B4D5-74DBF4C472CE}.Debug|x86.ActiveCfg = Debug|Any CPU
		{BEE85F00-5CBA-4902-B4D5-74DBF4C472CE}.Debug|x86.Build.0 = Debug|Any CPU
		{BEE85F00-5CBA-4902-B4D5-74DBF4C472CE}.Release|Any CPU.ActiveCfg = Release|Any CPU
		{BEE85F00-5CBA-4902-B4D5-74DBF4C472CE}.Release|Any CPU.Build.0 = Release|Any CPU
		{BEE85F00-5CBA-4902-B4D5-74DBF4C472CE}.Release|x64.ActiveCfg = Release|Any CPU
		{BEE85F00-5CBA-4902-B4D5-74DBF4C472CE}.Release|x64.Build.0 = Release|Any CPU
		{BEE85F00-5CBA-4902-B4D5-74DBF4C472CE}.Release|x86.ActiveCfg = Release|Any CPU
		{BEE85F00-5CBA-4902-B4D5-74DBF4C472CE}.Release|x86.Build.0 = Release|Any CPU
		{07CEAC2F-99D3-4834-A3C3-71AAF24AAE18}.Debug|Any CPU.ActiveCfg = Debug|Any CPU
		{07CEAC2F-99D3-4834-A3C3-71AAF24AAE18}.Debug|Any CPU.Build.0 = Debug|Any CPU
		{07CEAC2F-99D3-4834-A3C3-71AAF24AAE18}.Debug|x64.ActiveCfg = Debug|Any CPU
		{07CEAC2F-99D3-4834-A3C3-71AAF24AAE18}.Debug|x64.Build.0 = Debug|Any CPU
		{07CEAC2F-99D3-4834-A3C3-71AAF24AAE18}.Debug|x86.ActiveCfg = Debug|Any CPU
		{07CEAC2F-99D3-4834-A3C3-71AAF24AAE18}.Debug|x86.Build.0 = Debug|Any CPU
		{07CEAC2F-99D3-4834-A3C3-71AAF24AAE18}.Release|Any CPU.ActiveCfg = Release|Any CPU
		{07CEAC2F-99D3-4834-A3C3-71AAF24AAE18}.Release|Any CPU.Build.0 = Release|Any CPU
		{07CEAC2F-99D3-4834-A3C3-71AAF24AAE18}.Release|x64.ActiveCfg = Release|Any CPU
		{07CEAC2F-99D3-4834-A3C3-71AAF24AAE18}.Release|x64.Build.0 = Release|Any CPU
		{07CEAC2F-99D3-4834-A3C3-71AAF24AAE18}.Release|x86.ActiveCfg = Release|Any CPU
		{07CEAC2F-99D3-4834-A3C3-71AAF24AAE18}.Release|x86.Build.0 = Release|Any CPU
		{AEE8862D-B719-4DD6-8A8D-3E2C49AFFF06}.Debug|Any CPU.ActiveCfg = Debug|Any CPU
		{AEE8862D-B719-4DD6-8A8D-3E2C49AFFF06}.Debug|Any CPU.Build.0 = Debug|Any CPU
		{AEE8862D-B719-4DD6-8A8D-3E2C49AFFF06}.Debug|x64.ActiveCfg = Debug|Any CPU
		{AEE8862D-B719-4DD6-8A8D-3E2C49AFFF06}.Debug|x64.Build.0 = Debug|Any CPU
		{AEE8862D-B719-4DD6-8A8D-3E2C49AFFF06}.Debug|x86.ActiveCfg = Debug|Any CPU
		{AEE8862D-B719-4DD6-8A8D-3E2C49AFFF06}.Debug|x86.Build.0 = Debug|Any CPU
		{AEE8862D-B719-4DD6-8A8D-3E2C49AFFF06}.Release|Any CPU.ActiveCfg = Release|Any CPU
		{AEE8862D-B719-4DD6-8A8D-3E2C49AFFF06}.Release|Any CPU.Build.0 = Release|Any CPU
		{AEE8862D-B719-4DD6-8A8D-3E2C49AFFF06}.Release|x64.ActiveCfg = Release|Any CPU
		{AEE8862D-B719-4DD6-8A8D-3E2C49AFFF06}.Release|x64.Build.0 = Release|Any CPU
		{AEE8862D-B719-4DD6-8A8D-3E2C49AFFF06}.Release|x86.ActiveCfg = Release|Any CPU
		{AEE8862D-B719-4DD6-8A8D-3E2C49AFFF06}.Release|x86.Build.0 = Release|Any CPU
		{90B420AF-9156-45F1-9959-271DCD1AB4E6}.Debug|Any CPU.ActiveCfg = Debug|Any CPU
		{90B420AF-9156-45F1-9959-271DCD1AB4E6}.Debug|Any CPU.Build.0 = Debug|Any CPU
		{90B420AF-9156-45F1-9959-271DCD1AB4E6}.Debug|x64.ActiveCfg = Debug|Any CPU
		{90B420AF-9156-45F1-9959-271DCD1AB4E6}.Debug|x64.Build.0 = Debug|Any CPU
		{90B420AF-9156-45F1-9959-271DCD1AB4E6}.Debug|x86.ActiveCfg = Debug|Any CPU
		{90B420AF-9156-45F1-9959-271DCD1AB4E6}.Debug|x86.Build.0 = Debug|Any CPU
		{90B420AF-9156-45F1-9959-271DCD1AB4E6}.Release|Any CPU.ActiveCfg = Release|Any CPU
		{90B420AF-9156-45F1-9959-271DCD1AB4E6}.Release|Any CPU.Build.0 = Release|Any CPU
		{90B420AF-9156-45F1-9959-271DCD1AB4E6}.Release|x64.ActiveCfg = Release|Any CPU
		{90B420AF-9156-45F1-9959-271DCD1AB4E6}.Release|x64.Build.0 = Release|Any CPU
		{90B420AF-9156-45F1-9959-271DCD1AB4E6}.Release|x86.ActiveCfg = Release|Any CPU
		{90B420AF-9156-45F1-9959-271DCD1AB4E6}.Release|x86.Build.0 = Release|Any CPU
		{5EB3C598-2D7A-4BF5-A829-5FCB5FE26604}.Debug|Any CPU.ActiveCfg = Debug|Any CPU
		{5EB3C598-2D7A-4BF5-A829-5FCB5FE26604}.Debug|Any CPU.Build.0 = Debug|Any CPU
		{5EB3C598-2D7A-4BF5-A829-5FCB5FE26604}.Debug|x64.ActiveCfg = Debug|Any CPU
		{5EB3C598-2D7A-4BF5-A829-5FCB5FE26604}.Debug|x64.Build.0 = Debug|Any CPU
		{5EB3C598-2D7A-4BF5-A829-5FCB5FE26604}.Debug|x86.ActiveCfg = Debug|Any CPU
		{5EB3C598-2D7A-4BF5-A829-5FCB5FE26604}.Debug|x86.Build.0 = Debug|Any CPU
		{5EB3C598-2D7A-4BF5-A829-5FCB5FE26604}.Release|Any CPU.ActiveCfg = Release|Any CPU
		{5EB3C598-2D7A-4BF5-A829-5FCB5FE26604}.Release|Any CPU.Build.0 = Release|Any CPU
		{5EB3C598-2D7A-4BF5-A829-5FCB5FE26604}.Release|x64.ActiveCfg = Release|Any CPU
		{5EB3C598-2D7A-4BF5-A829-5FCB5FE26604}.Release|x64.Build.0 = Release|Any CPU
		{5EB3C598-2D7A-4BF5-A829-5FCB5FE26604}.Release|x86.ActiveCfg = Release|Any CPU
		{5EB3C598-2D7A-4BF5-A829-5FCB5FE26604}.Release|x86.Build.0 = Release|Any CPU
		{2904D478-B5AE-439A-A1E8-41085645CD5E}.Debug|Any CPU.ActiveCfg = Debug|Any CPU
		{2904D478-B5AE-439A-A1E8-41085645CD5E}.Debug|Any CPU.Build.0 = Debug|Any CPU
		{2904D478-B5AE-439A-A1E8-41085645CD5E}.Debug|x64.ActiveCfg = Debug|Any CPU
		{2904D478-B5AE-439A-A1E8-41085645CD5E}.Debug|x64.Build.0 = Debug|Any CPU
		{2904D478-B5AE-439A-A1E8-41085645CD5E}.Debug|x86.ActiveCfg = Debug|Any CPU
		{2904D478-B5AE-439A-A1E8-41085645CD5E}.Debug|x86.Build.0 = Debug|Any CPU
		{2904D478-B5AE-439A-A1E8-41085645CD5E}.Release|Any CPU.ActiveCfg = Release|Any CPU
		{2904D478-B5AE-439A-A1E8-41085645CD5E}.Release|Any CPU.Build.0 = Release|Any CPU
		{2904D478-B5AE-439A-A1E8-41085645CD5E}.Release|x64.ActiveCfg = Release|Any CPU
		{2904D478-B5AE-439A-A1E8-41085645CD5E}.Release|x64.Build.0 = Release|Any CPU
		{2904D478-B5AE-439A-A1E8-41085645CD5E}.Release|x86.ActiveCfg = Release|Any CPU
		{2904D478-B5AE-439A-A1E8-41085645CD5E}.Release|x86.Build.0 = Release|Any CPU
		{B164345E-FAAE-4B77-B038-37FB11F77489}.Debug|Any CPU.ActiveCfg = Debug|Any CPU
		{B164345E-FAAE-4B77-B038-37FB11F77489}.Debug|Any CPU.Build.0 = Debug|Any CPU
		{B164345E-FAAE-4B77-B038-37FB11F77489}.Debug|x64.ActiveCfg = Debug|Any CPU
		{B164345E-FAAE-4B77-B038-37FB11F77489}.Debug|x64.Build.0 = Debug|Any CPU
		{B164345E-FAAE-4B77-B038-37FB11F77489}.Debug|x86.ActiveCfg = Debug|Any CPU
		{B164345E-FAAE-4B77-B038-37FB11F77489}.Debug|x86.Build.0 = Debug|Any CPU
		{B164345E-FAAE-4B77-B038-37FB11F77489}.Release|Any CPU.ActiveCfg = Release|Any CPU
		{B164345E-FAAE-4B77-B038-37FB11F77489}.Release|Any CPU.Build.0 = Release|Any CPU
		{B164345E-FAAE-4B77-B038-37FB11F77489}.Release|x64.ActiveCfg = Release|Any CPU
		{B164345E-FAAE-4B77-B038-37FB11F77489}.Release|x64.Build.0 = Release|Any CPU
		{B164345E-FAAE-4B77-B038-37FB11F77489}.Release|x86.ActiveCfg = Release|Any CPU
		{B164345E-FAAE-4B77-B038-37FB11F77489}.Release|x86.Build.0 = Release|Any CPU
		{7B9B6884-67F6-48AD-AD14-6F36DB62A5BB}.Debug|Any CPU.ActiveCfg = Debug|Any CPU
		{7B9B6884-67F6-48AD-AD14-6F36DB62A5BB}.Debug|Any CPU.Build.0 = Debug|Any CPU
		{7B9B6884-67F6-48AD-AD14-6F36DB62A5BB}.Debug|x64.ActiveCfg = Debug|Any CPU
		{7B9B6884-67F6-48AD-AD14-6F36DB62A5BB}.Debug|x64.Build.0 = Debug|Any CPU
		{7B9B6884-67F6-48AD-AD14-6F36DB62A5BB}.Debug|x86.ActiveCfg = Debug|Any CPU
		{7B9B6884-67F6-48AD-AD14-6F36DB62A5BB}.Debug|x86.Build.0 = Debug|Any CPU
		{7B9B6884-67F6-48AD-AD14-6F36DB62A5BB}.Release|Any CPU.ActiveCfg = Release|Any CPU
		{7B9B6884-67F6-48AD-AD14-6F36DB62A5BB}.Release|Any CPU.Build.0 = Release|Any CPU
		{7B9B6884-67F6-48AD-AD14-6F36DB62A5BB}.Release|x64.ActiveCfg = Release|Any CPU
		{7B9B6884-67F6-48AD-AD14-6F36DB62A5BB}.Release|x64.Build.0 = Release|Any CPU
		{7B9B6884-67F6-48AD-AD14-6F36DB62A5BB}.Release|x86.ActiveCfg = Release|Any CPU
		{7B9B6884-67F6-48AD-AD14-6F36DB62A5BB}.Release|x86.Build.0 = Release|Any CPU
		{CD30A09A-63B0-4E34-A067-874E6681EF89}.Debug|Any CPU.ActiveCfg = Debug|Any CPU
		{CD30A09A-63B0-4E34-A067-874E6681EF89}.Debug|Any CPU.Build.0 = Debug|Any CPU
		{CD30A09A-63B0-4E34-A067-874E6681EF89}.Debug|x64.ActiveCfg = Debug|Any CPU
		{CD30A09A-63B0-4E34-A067-874E6681EF89}.Debug|x64.Build.0 = Debug|Any CPU
		{CD30A09A-63B0-4E34-A067-874E6681EF89}.Debug|x86.ActiveCfg = Debug|Any CPU
		{CD30A09A-63B0-4E34-A067-874E6681EF89}.Debug|x86.Build.0 = Debug|Any CPU
		{CD30A09A-63B0-4E34-A067-874E6681EF89}.Release|Any CPU.ActiveCfg = Release|Any CPU
		{CD30A09A-63B0-4E34-A067-874E6681EF89}.Release|Any CPU.Build.0 = Release|Any CPU
		{CD30A09A-63B0-4E34-A067-874E6681EF89}.Release|x64.ActiveCfg = Release|Any CPU
		{CD30A09A-63B0-4E34-A067-874E6681EF89}.Release|x64.Build.0 = Release|Any CPU
		{CD30A09A-63B0-4E34-A067-874E6681EF89}.Release|x86.ActiveCfg = Release|Any CPU
		{CD30A09A-63B0-4E34-A067-874E6681EF89}.Release|x86.Build.0 = Release|Any CPU
		{CDB148DB-78F5-4854-A9FF-6C53003F10E2}.Debug|Any CPU.ActiveCfg = Debug|Any CPU
		{CDB148DB-78F5-4854-A9FF-6C53003F10E2}.Debug|Any CPU.Build.0 = Debug|Any CPU
		{CDB148DB-78F5-4854-A9FF-6C53003F10E2}.Debug|x64.ActiveCfg = Debug|Any CPU
		{CDB148DB-78F5-4854-A9FF-6C53003F10E2}.Debug|x64.Build.0 = Debug|Any CPU
		{CDB148DB-78F5-4854-A9FF-6C53003F10E2}.Debug|x86.ActiveCfg = Debug|Any CPU
		{CDB148DB-78F5-4854-A9FF-6C53003F10E2}.Debug|x86.Build.0 = Debug|Any CPU
		{CDB148DB-78F5-4854-A9FF-6C53003F10E2}.Release|Any CPU.ActiveCfg = Release|Any CPU
		{CDB148DB-78F5-4854-A9FF-6C53003F10E2}.Release|Any CPU.Build.0 = Release|Any CPU
		{CDB148DB-78F5-4854-A9FF-6C53003F10E2}.Release|x64.ActiveCfg = Release|Any CPU
		{CDB148DB-78F5-4854-A9FF-6C53003F10E2}.Release|x64.Build.0 = Release|Any CPU
		{CDB148DB-78F5-4854-A9FF-6C53003F10E2}.Release|x86.ActiveCfg = Release|Any CPU
		{CDB148DB-78F5-4854-A9FF-6C53003F10E2}.Release|x86.Build.0 = Release|Any CPU
		{ED098FA4-7761-496F-91D1-F4C2C7ACF626}.Debug|Any CPU.ActiveCfg = Debug|Any CPU
		{ED098FA4-7761-496F-91D1-F4C2C7ACF626}.Debug|Any CPU.Build.0 = Debug|Any CPU
		{ED098FA4-7761-496F-91D1-F4C2C7ACF626}.Debug|x64.ActiveCfg = Debug|Any CPU
		{ED098FA4-7761-496F-91D1-F4C2C7ACF626}.Debug|x64.Build.0 = Debug|Any CPU
		{ED098FA4-7761-496F-91D1-F4C2C7ACF626}.Debug|x86.ActiveCfg = Debug|Any CPU
		{ED098FA4-7761-496F-91D1-F4C2C7ACF626}.Debug|x86.Build.0 = Debug|Any CPU
		{ED098FA4-7761-496F-91D1-F4C2C7ACF626}.Release|Any CPU.ActiveCfg = Release|Any CPU
		{ED098FA4-7761-496F-91D1-F4C2C7ACF626}.Release|Any CPU.Build.0 = Release|Any CPU
		{ED098FA4-7761-496F-91D1-F4C2C7ACF626}.Release|x64.ActiveCfg = Release|Any CPU
		{ED098FA4-7761-496F-91D1-F4C2C7ACF626}.Release|x64.Build.0 = Release|Any CPU
		{ED098FA4-7761-496F-91D1-F4C2C7ACF626}.Release|x86.ActiveCfg = Release|Any CPU
		{ED098FA4-7761-496F-91D1-F4C2C7ACF626}.Release|x86.Build.0 = Release|Any CPU
		{FC11ACCE-7581-48EC-8098-2E8D74E8B37A}.Debug|Any CPU.ActiveCfg = Debug|Any CPU
		{FC11ACCE-7581-48EC-8098-2E8D74E8B37A}.Debug|Any CPU.Build.0 = Debug|Any CPU
		{FC11ACCE-7581-48EC-8098-2E8D74E8B37A}.Debug|x64.ActiveCfg = Debug|Any CPU
		{FC11ACCE-7581-48EC-8098-2E8D74E8B37A}.Debug|x64.Build.0 = Debug|Any CPU
		{FC11ACCE-7581-48EC-8098-2E8D74E8B37A}.Debug|x86.ActiveCfg = Debug|Any CPU
		{FC11ACCE-7581-48EC-8098-2E8D74E8B37A}.Debug|x86.Build.0 = Debug|Any CPU
		{FC11ACCE-7581-48EC-8098-2E8D74E8B37A}.Release|Any CPU.ActiveCfg = Release|Any CPU
		{FC11ACCE-7581-48EC-8098-2E8D74E8B37A}.Release|Any CPU.Build.0 = Release|Any CPU
		{FC11ACCE-7581-48EC-8098-2E8D74E8B37A}.Release|x64.ActiveCfg = Release|Any CPU
		{FC11ACCE-7581-48EC-8098-2E8D74E8B37A}.Release|x64.Build.0 = Release|Any CPU
		{FC11ACCE-7581-48EC-8098-2E8D74E8B37A}.Release|x86.ActiveCfg = Release|Any CPU
		{FC11ACCE-7581-48EC-8098-2E8D74E8B37A}.Release|x86.Build.0 = Release|Any CPU
		{7114107F-9CEE-46D4-B23B-E8CB254EE9FA}.Debug|Any CPU.ActiveCfg = Debug|Any CPU
		{7114107F-9CEE-46D4-B23B-E8CB254EE9FA}.Debug|Any CPU.Build.0 = Debug|Any CPU
		{7114107F-9CEE-46D4-B23B-E8CB254EE9FA}.Debug|x64.ActiveCfg = Debug|Any CPU
		{7114107F-9CEE-46D4-B23B-E8CB254EE9FA}.Debug|x64.Build.0 = Debug|Any CPU
		{7114107F-9CEE-46D4-B23B-E8CB254EE9FA}.Debug|x86.ActiveCfg = Debug|Any CPU
		{7114107F-9CEE-46D4-B23B-E8CB254EE9FA}.Debug|x86.Build.0 = Debug|Any CPU
		{7114107F-9CEE-46D4-B23B-E8CB254EE9FA}.Release|Any CPU.ActiveCfg = Release|Any CPU
		{7114107F-9CEE-46D4-B23B-E8CB254EE9FA}.Release|Any CPU.Build.0 = Release|Any CPU
		{7114107F-9CEE-46D4-B23B-E8CB254EE9FA}.Release|x64.ActiveCfg = Release|Any CPU
		{7114107F-9CEE-46D4-B23B-E8CB254EE9FA}.Release|x64.Build.0 = Release|Any CPU
		{7114107F-9CEE-46D4-B23B-E8CB254EE9FA}.Release|x86.ActiveCfg = Release|Any CPU
		{7114107F-9CEE-46D4-B23B-E8CB254EE9FA}.Release|x86.Build.0 = Release|Any CPU
		{902698FB-AC03-4D57-B57F-8AF54FC0939A}.Debug|Any CPU.ActiveCfg = Debug|Any CPU
		{902698FB-AC03-4D57-B57F-8AF54FC0939A}.Debug|Any CPU.Build.0 = Debug|Any CPU
		{902698FB-AC03-4D57-B57F-8AF54FC0939A}.Debug|x64.ActiveCfg = Debug|Any CPU
		{902698FB-AC03-4D57-B57F-8AF54FC0939A}.Debug|x64.Build.0 = Debug|Any CPU
		{902698FB-AC03-4D57-B57F-8AF54FC0939A}.Debug|x86.ActiveCfg = Debug|Any CPU
		{902698FB-AC03-4D57-B57F-8AF54FC0939A}.Debug|x86.Build.0 = Debug|Any CPU
		{902698FB-AC03-4D57-B57F-8AF54FC0939A}.Release|Any CPU.ActiveCfg = Release|Any CPU
		{902698FB-AC03-4D57-B57F-8AF54FC0939A}.Release|Any CPU.Build.0 = Release|Any CPU
		{902698FB-AC03-4D57-B57F-8AF54FC0939A}.Release|x64.ActiveCfg = Release|Any CPU
		{902698FB-AC03-4D57-B57F-8AF54FC0939A}.Release|x64.Build.0 = Release|Any CPU
		{902698FB-AC03-4D57-B57F-8AF54FC0939A}.Release|x86.ActiveCfg = Release|Any CPU
		{902698FB-AC03-4D57-B57F-8AF54FC0939A}.Release|x86.Build.0 = Release|Any CPU
		{AE29EA71-790E-44F3-9123-8973EE2FC420}.Debug|Any CPU.ActiveCfg = Debug|Any CPU
		{AE29EA71-790E-44F3-9123-8973EE2FC420}.Debug|Any CPU.Build.0 = Debug|Any CPU
		{AE29EA71-790E-44F3-9123-8973EE2FC420}.Debug|x64.ActiveCfg = Debug|Any CPU
		{AE29EA71-790E-44F3-9123-8973EE2FC420}.Debug|x64.Build.0 = Debug|Any CPU
		{AE29EA71-790E-44F3-9123-8973EE2FC420}.Debug|x86.ActiveCfg = Debug|Any CPU
		{AE29EA71-790E-44F3-9123-8973EE2FC420}.Debug|x86.Build.0 = Debug|Any CPU
		{AE29EA71-790E-44F3-9123-8973EE2FC420}.Release|Any CPU.ActiveCfg = Release|Any CPU
		{AE29EA71-790E-44F3-9123-8973EE2FC420}.Release|Any CPU.Build.0 = Release|Any CPU
		{AE29EA71-790E-44F3-9123-8973EE2FC420}.Release|x64.ActiveCfg = Release|Any CPU
		{AE29EA71-790E-44F3-9123-8973EE2FC420}.Release|x64.Build.0 = Release|Any CPU
		{AE29EA71-790E-44F3-9123-8973EE2FC420}.Release|x86.ActiveCfg = Release|Any CPU
		{AE29EA71-790E-44F3-9123-8973EE2FC420}.Release|x86.Build.0 = Release|Any CPU
		{5B46EE13-5E46-4169-AAE0-B9C1D7D34954}.Debug|Any CPU.ActiveCfg = Debug|Any CPU
		{5B46EE13-5E46-4169-AAE0-B9C1D7D34954}.Debug|Any CPU.Build.0 = Debug|Any CPU
		{5B46EE13-5E46-4169-AAE0-B9C1D7D34954}.Debug|x64.ActiveCfg = Debug|Any CPU
		{5B46EE13-5E46-4169-AAE0-B9C1D7D34954}.Debug|x64.Build.0 = Debug|Any CPU
		{5B46EE13-5E46-4169-AAE0-B9C1D7D34954}.Debug|x86.ActiveCfg = Debug|Any CPU
		{5B46EE13-5E46-4169-AAE0-B9C1D7D34954}.Debug|x86.Build.0 = Debug|Any CPU
		{5B46EE13-5E46-4169-AAE0-B9C1D7D34954}.Release|Any CPU.ActiveCfg = Release|Any CPU
		{5B46EE13-5E46-4169-AAE0-B9C1D7D34954}.Release|Any CPU.Build.0 = Release|Any CPU
		{5B46EE13-5E46-4169-AAE0-B9C1D7D34954}.Release|x64.ActiveCfg = Release|Any CPU
		{5B46EE13-5E46-4169-AAE0-B9C1D7D34954}.Release|x64.Build.0 = Release|Any CPU
		{5B46EE13-5E46-4169-AAE0-B9C1D7D34954}.Release|x86.ActiveCfg = Release|Any CPU
		{5B46EE13-5E46-4169-AAE0-B9C1D7D34954}.Release|x86.Build.0 = Release|Any CPU
		{A0C74BC8-D083-4A1C-9877-F766FEBB0AD8}.Debug|Any CPU.ActiveCfg = Debug|Any CPU
		{A0C74BC8-D083-4A1C-9877-F766FEBB0AD8}.Debug|Any CPU.Build.0 = Debug|Any CPU
		{A0C74BC8-D083-4A1C-9877-F766FEBB0AD8}.Debug|x64.ActiveCfg = Debug|Any CPU
		{A0C74BC8-D083-4A1C-9877-F766FEBB0AD8}.Debug|x64.Build.0 = Debug|Any CPU
		{A0C74BC8-D083-4A1C-9877-F766FEBB0AD8}.Debug|x86.ActiveCfg = Debug|Any CPU
		{A0C74BC8-D083-4A1C-9877-F766FEBB0AD8}.Debug|x86.Build.0 = Debug|Any CPU
		{A0C74BC8-D083-4A1C-9877-F766FEBB0AD8}.Release|Any CPU.ActiveCfg = Release|Any CPU
		{A0C74BC8-D083-4A1C-9877-F766FEBB0AD8}.Release|Any CPU.Build.0 = Release|Any CPU
		{A0C74BC8-D083-4A1C-9877-F766FEBB0AD8}.Release|x64.ActiveCfg = Release|Any CPU
		{A0C74BC8-D083-4A1C-9877-F766FEBB0AD8}.Release|x64.Build.0 = Release|Any CPU
		{A0C74BC8-D083-4A1C-9877-F766FEBB0AD8}.Release|x86.ActiveCfg = Release|Any CPU
		{A0C74BC8-D083-4A1C-9877-F766FEBB0AD8}.Release|x86.Build.0 = Release|Any CPU
		{FCB2BEBA-4881-4DA7-8E84-47376674AF13}.Debug|Any CPU.ActiveCfg = Debug|Any CPU
		{FCB2BEBA-4881-4DA7-8E84-47376674AF13}.Debug|Any CPU.Build.0 = Debug|Any CPU
		{FCB2BEBA-4881-4DA7-8E84-47376674AF13}.Debug|x64.ActiveCfg = Debug|Any CPU
		{FCB2BEBA-4881-4DA7-8E84-47376674AF13}.Debug|x64.Build.0 = Debug|Any CPU
		{FCB2BEBA-4881-4DA7-8E84-47376674AF13}.Debug|x86.ActiveCfg = Debug|Any CPU
		{FCB2BEBA-4881-4DA7-8E84-47376674AF13}.Debug|x86.Build.0 = Debug|Any CPU
		{FCB2BEBA-4881-4DA7-8E84-47376674AF13}.Release|Any CPU.ActiveCfg = Release|Any CPU
		{FCB2BEBA-4881-4DA7-8E84-47376674AF13}.Release|Any CPU.Build.0 = Release|Any CPU
		{FCB2BEBA-4881-4DA7-8E84-47376674AF13}.Release|x64.ActiveCfg = Release|Any CPU
		{FCB2BEBA-4881-4DA7-8E84-47376674AF13}.Release|x64.Build.0 = Release|Any CPU
		{FCB2BEBA-4881-4DA7-8E84-47376674AF13}.Release|x86.ActiveCfg = Release|Any CPU
		{FCB2BEBA-4881-4DA7-8E84-47376674AF13}.Release|x86.Build.0 = Release|Any CPU
		{AB60AFDB-62A5-4AC6-A4DF-1ADD981D9BC7}.Debug|Any CPU.ActiveCfg = Debug|Any CPU
		{AB60AFDB-62A5-4AC6-A4DF-1ADD981D9BC7}.Debug|Any CPU.Build.0 = Debug|Any CPU
		{AB60AFDB-62A5-4AC6-A4DF-1ADD981D9BC7}.Debug|x64.ActiveCfg = Debug|Any CPU
		{AB60AFDB-62A5-4AC6-A4DF-1ADD981D9BC7}.Debug|x64.Build.0 = Debug|Any CPU
		{AB60AFDB-62A5-4AC6-A4DF-1ADD981D9BC7}.Debug|x86.ActiveCfg = Debug|Any CPU
		{AB60AFDB-62A5-4AC6-A4DF-1ADD981D9BC7}.Debug|x86.Build.0 = Debug|Any CPU
		{AB60AFDB-62A5-4AC6-A4DF-1ADD981D9BC7}.Release|Any CPU.ActiveCfg = Release|Any CPU
		{AB60AFDB-62A5-4AC6-A4DF-1ADD981D9BC7}.Release|Any CPU.Build.0 = Release|Any CPU
		{AB60AFDB-62A5-4AC6-A4DF-1ADD981D9BC7}.Release|x64.ActiveCfg = Release|Any CPU
		{AB60AFDB-62A5-4AC6-A4DF-1ADD981D9BC7}.Release|x64.Build.0 = Release|Any CPU
		{AB60AFDB-62A5-4AC6-A4DF-1ADD981D9BC7}.Release|x86.ActiveCfg = Release|Any CPU
		{AB60AFDB-62A5-4AC6-A4DF-1ADD981D9BC7}.Release|x86.Build.0 = Release|Any CPU
		{BF9837CA-E9A7-4902-9EE4-56CD56D5F35A}.Debug|Any CPU.ActiveCfg = Debug|Any CPU
		{BF9837CA-E9A7-4902-9EE4-56CD56D5F35A}.Debug|Any CPU.Build.0 = Debug|Any CPU
		{BF9837CA-E9A7-4902-9EE4-56CD56D5F35A}.Debug|x64.ActiveCfg = Debug|Any CPU
		{BF9837CA-E9A7-4902-9EE4-56CD56D5F35A}.Debug|x64.Build.0 = Debug|Any CPU
		{BF9837CA-E9A7-4902-9EE4-56CD56D5F35A}.Debug|x86.ActiveCfg = Debug|Any CPU
		{BF9837CA-E9A7-4902-9EE4-56CD56D5F35A}.Debug|x86.Build.0 = Debug|Any CPU
		{BF9837CA-E9A7-4902-9EE4-56CD56D5F35A}.Release|Any CPU.ActiveCfg = Release|Any CPU
		{BF9837CA-E9A7-4902-9EE4-56CD56D5F35A}.Release|Any CPU.Build.0 = Release|Any CPU
		{BF9837CA-E9A7-4902-9EE4-56CD56D5F35A}.Release|x64.ActiveCfg = Release|Any CPU
		{BF9837CA-E9A7-4902-9EE4-56CD56D5F35A}.Release|x64.Build.0 = Release|Any CPU
		{BF9837CA-E9A7-4902-9EE4-56CD56D5F35A}.Release|x86.ActiveCfg = Release|Any CPU
		{BF9837CA-E9A7-4902-9EE4-56CD56D5F35A}.Release|x86.Build.0 = Release|Any CPU
		{AC23855A-B31D-463F-A7F9-5B2B48E16628}.Debug|Any CPU.ActiveCfg = Debug|Any CPU
		{AC23855A-B31D-463F-A7F9-5B2B48E16628}.Debug|Any CPU.Build.0 = Debug|Any CPU
		{AC23855A-B31D-463F-A7F9-5B2B48E16628}.Debug|x64.ActiveCfg = Debug|Any CPU
		{AC23855A-B31D-463F-A7F9-5B2B48E16628}.Debug|x64.Build.0 = Debug|Any CPU
		{AC23855A-B31D-463F-A7F9-5B2B48E16628}.Debug|x86.ActiveCfg = Debug|Any CPU
		{AC23855A-B31D-463F-A7F9-5B2B48E16628}.Debug|x86.Build.0 = Debug|Any CPU
		{AC23855A-B31D-463F-A7F9-5B2B48E16628}.Release|Any CPU.ActiveCfg = Release|Any CPU
		{AC23855A-B31D-463F-A7F9-5B2B48E16628}.Release|Any CPU.Build.0 = Release|Any CPU
		{AC23855A-B31D-463F-A7F9-5B2B48E16628}.Release|x64.ActiveCfg = Release|Any CPU
		{AC23855A-B31D-463F-A7F9-5B2B48E16628}.Release|x64.Build.0 = Release|Any CPU
		{AC23855A-B31D-463F-A7F9-5B2B48E16628}.Release|x86.ActiveCfg = Release|Any CPU
		{AC23855A-B31D-463F-A7F9-5B2B48E16628}.Release|x86.Build.0 = Release|Any CPU
		{F97610DB-44F3-491D-BFCD-D7B31BC90465}.Debug|Any CPU.ActiveCfg = Debug|Any CPU
		{F97610DB-44F3-491D-BFCD-D7B31BC90465}.Debug|Any CPU.Build.0 = Debug|Any CPU
		{F97610DB-44F3-491D-BFCD-D7B31BC90465}.Debug|x64.ActiveCfg = Debug|Any CPU
		{F97610DB-44F3-491D-BFCD-D7B31BC90465}.Debug|x64.Build.0 = Debug|Any CPU
		{F97610DB-44F3-491D-BFCD-D7B31BC90465}.Debug|x86.ActiveCfg = Debug|Any CPU
		{F97610DB-44F3-491D-BFCD-D7B31BC90465}.Debug|x86.Build.0 = Debug|Any CPU
		{F97610DB-44F3-491D-BFCD-D7B31BC90465}.Release|Any CPU.ActiveCfg = Release|Any CPU
		{F97610DB-44F3-491D-BFCD-D7B31BC90465}.Release|Any CPU.Build.0 = Release|Any CPU
		{F97610DB-44F3-491D-BFCD-D7B31BC90465}.Release|x64.ActiveCfg = Release|Any CPU
		{F97610DB-44F3-491D-BFCD-D7B31BC90465}.Release|x64.Build.0 = Release|Any CPU
		{F97610DB-44F3-491D-BFCD-D7B31BC90465}.Release|x86.ActiveCfg = Release|Any CPU
		{F97610DB-44F3-491D-BFCD-D7B31BC90465}.Release|x86.Build.0 = Release|Any CPU
		{C2BCFBB3-008D-4BF8-942B-724FE85194C2}.Debug|Any CPU.ActiveCfg = Debug|Any CPU
		{C2BCFBB3-008D-4BF8-942B-724FE85194C2}.Debug|Any CPU.Build.0 = Debug|Any CPU
		{C2BCFBB3-008D-4BF8-942B-724FE85194C2}.Debug|x64.ActiveCfg = Debug|Any CPU
		{C2BCFBB3-008D-4BF8-942B-724FE85194C2}.Debug|x64.Build.0 = Debug|Any CPU
		{C2BCFBB3-008D-4BF8-942B-724FE85194C2}.Debug|x86.ActiveCfg = Debug|Any CPU
		{C2BCFBB3-008D-4BF8-942B-724FE85194C2}.Debug|x86.Build.0 = Debug|Any CPU
		{C2BCFBB3-008D-4BF8-942B-724FE85194C2}.Release|Any CPU.ActiveCfg = Release|Any CPU
		{C2BCFBB3-008D-4BF8-942B-724FE85194C2}.Release|Any CPU.Build.0 = Release|Any CPU
		{C2BCFBB3-008D-4BF8-942B-724FE85194C2}.Release|x64.ActiveCfg = Release|Any CPU
		{C2BCFBB3-008D-4BF8-942B-724FE85194C2}.Release|x64.Build.0 = Release|Any CPU
		{C2BCFBB3-008D-4BF8-942B-724FE85194C2}.Release|x86.ActiveCfg = Release|Any CPU
		{C2BCFBB3-008D-4BF8-942B-724FE85194C2}.Release|x86.Build.0 = Release|Any CPU
		{FC1278F1-2128-42E1-80A1-A9DF867F5002}.Debug|Any CPU.ActiveCfg = Debug|Any CPU
		{FC1278F1-2128-42E1-80A1-A9DF867F5002}.Debug|Any CPU.Build.0 = Debug|Any CPU
		{FC1278F1-2128-42E1-80A1-A9DF867F5002}.Debug|x64.ActiveCfg = Debug|Any CPU
		{FC1278F1-2128-42E1-80A1-A9DF867F5002}.Debug|x64.Build.0 = Debug|Any CPU
		{FC1278F1-2128-42E1-80A1-A9DF867F5002}.Debug|x86.ActiveCfg = Debug|Any CPU
		{FC1278F1-2128-42E1-80A1-A9DF867F5002}.Debug|x86.Build.0 = Debug|Any CPU
		{FC1278F1-2128-42E1-80A1-A9DF867F5002}.Release|Any CPU.ActiveCfg = Release|Any CPU
		{FC1278F1-2128-42E1-80A1-A9DF867F5002}.Release|Any CPU.Build.0 = Release|Any CPU
		{FC1278F1-2128-42E1-80A1-A9DF867F5002}.Release|x64.ActiveCfg = Release|Any CPU
		{FC1278F1-2128-42E1-80A1-A9DF867F5002}.Release|x64.Build.0 = Release|Any CPU
		{FC1278F1-2128-42E1-80A1-A9DF867F5002}.Release|x86.ActiveCfg = Release|Any CPU
		{FC1278F1-2128-42E1-80A1-A9DF867F5002}.Release|x86.Build.0 = Release|Any CPU
		{CFFD7F83-B85A-47D7-ABD1-8A566321C855}.Debug|Any CPU.ActiveCfg = Debug|Any CPU
		{CFFD7F83-B85A-47D7-ABD1-8A566321C855}.Debug|Any CPU.Build.0 = Debug|Any CPU
		{CFFD7F83-B85A-47D7-ABD1-8A566321C855}.Debug|x64.ActiveCfg = Debug|Any CPU
		{CFFD7F83-B85A-47D7-ABD1-8A566321C855}.Debug|x64.Build.0 = Debug|Any CPU
		{CFFD7F83-B85A-47D7-ABD1-8A566321C855}.Debug|x86.ActiveCfg = Debug|Any CPU
		{CFFD7F83-B85A-47D7-ABD1-8A566321C855}.Debug|x86.Build.0 = Debug|Any CPU
		{CFFD7F83-B85A-47D7-ABD1-8A566321C855}.Release|Any CPU.ActiveCfg = Release|Any CPU
		{CFFD7F83-B85A-47D7-ABD1-8A566321C855}.Release|Any CPU.Build.0 = Release|Any CPU
		{CFFD7F83-B85A-47D7-ABD1-8A566321C855}.Release|x64.ActiveCfg = Release|Any CPU
		{CFFD7F83-B85A-47D7-ABD1-8A566321C855}.Release|x64.Build.0 = Release|Any CPU
		{CFFD7F83-B85A-47D7-ABD1-8A566321C855}.Release|x86.ActiveCfg = Release|Any CPU
		{CFFD7F83-B85A-47D7-ABD1-8A566321C855}.Release|x86.Build.0 = Release|Any CPU
		{E6C731B1-9EB8-467D-AA10-070B5401239D}.Debug|Any CPU.ActiveCfg = Debug|Any CPU
		{E6C731B1-9EB8-467D-AA10-070B5401239D}.Debug|Any CPU.Build.0 = Debug|Any CPU
		{E6C731B1-9EB8-467D-AA10-070B5401239D}.Debug|x64.ActiveCfg = Debug|Any CPU
		{E6C731B1-9EB8-467D-AA10-070B5401239D}.Debug|x64.Build.0 = Debug|Any CPU
		{E6C731B1-9EB8-467D-AA10-070B5401239D}.Debug|x86.ActiveCfg = Debug|Any CPU
		{E6C731B1-9EB8-467D-AA10-070B5401239D}.Debug|x86.Build.0 = Debug|Any CPU
		{E6C731B1-9EB8-467D-AA10-070B5401239D}.Release|Any CPU.ActiveCfg = Release|Any CPU
		{E6C731B1-9EB8-467D-AA10-070B5401239D}.Release|Any CPU.Build.0 = Release|Any CPU
		{E6C731B1-9EB8-467D-AA10-070B5401239D}.Release|x64.ActiveCfg = Release|Any CPU
		{E6C731B1-9EB8-467D-AA10-070B5401239D}.Release|x64.Build.0 = Release|Any CPU
		{E6C731B1-9EB8-467D-AA10-070B5401239D}.Release|x86.ActiveCfg = Release|Any CPU
		{E6C731B1-9EB8-467D-AA10-070B5401239D}.Release|x86.Build.0 = Release|Any CPU
		{BF6D2ABA-22A7-4F91-92FD-979C0B831469}.Debug|Any CPU.ActiveCfg = Debug|Any CPU
		{BF6D2ABA-22A7-4F91-92FD-979C0B831469}.Debug|Any CPU.Build.0 = Debug|Any CPU
		{BF6D2ABA-22A7-4F91-92FD-979C0B831469}.Debug|x64.ActiveCfg = Debug|Any CPU
		{BF6D2ABA-22A7-4F91-92FD-979C0B831469}.Debug|x64.Build.0 = Debug|Any CPU
		{BF6D2ABA-22A7-4F91-92FD-979C0B831469}.Debug|x86.ActiveCfg = Debug|Any CPU
		{BF6D2ABA-22A7-4F91-92FD-979C0B831469}.Debug|x86.Build.0 = Debug|Any CPU
		{BF6D2ABA-22A7-4F91-92FD-979C0B831469}.Release|Any CPU.ActiveCfg = Release|Any CPU
		{BF6D2ABA-22A7-4F91-92FD-979C0B831469}.Release|Any CPU.Build.0 = Release|Any CPU
		{BF6D2ABA-22A7-4F91-92FD-979C0B831469}.Release|x64.ActiveCfg = Release|Any CPU
		{BF6D2ABA-22A7-4F91-92FD-979C0B831469}.Release|x64.Build.0 = Release|Any CPU
		{BF6D2ABA-22A7-4F91-92FD-979C0B831469}.Release|x86.ActiveCfg = Release|Any CPU
		{BF6D2ABA-22A7-4F91-92FD-979C0B831469}.Release|x86.Build.0 = Release|Any CPU
		{411627A0-3473-4746-B7A4-F0BD26ECC0D8}.Debug|Any CPU.ActiveCfg = Debug|Any CPU
		{411627A0-3473-4746-B7A4-F0BD26ECC0D8}.Debug|Any CPU.Build.0 = Debug|Any CPU
		{411627A0-3473-4746-B7A4-F0BD26ECC0D8}.Debug|x64.ActiveCfg = Debug|Any CPU
		{411627A0-3473-4746-B7A4-F0BD26ECC0D8}.Debug|x64.Build.0 = Debug|Any CPU
		{411627A0-3473-4746-B7A4-F0BD26ECC0D8}.Debug|x86.ActiveCfg = Debug|Any CPU
		{411627A0-3473-4746-B7A4-F0BD26ECC0D8}.Debug|x86.Build.0 = Debug|Any CPU
		{411627A0-3473-4746-B7A4-F0BD26ECC0D8}.Release|Any CPU.ActiveCfg = Release|Any CPU
		{411627A0-3473-4746-B7A4-F0BD26ECC0D8}.Release|Any CPU.Build.0 = Release|Any CPU
		{411627A0-3473-4746-B7A4-F0BD26ECC0D8}.Release|x64.ActiveCfg = Release|Any CPU
		{411627A0-3473-4746-B7A4-F0BD26ECC0D8}.Release|x64.Build.0 = Release|Any CPU
		{411627A0-3473-4746-B7A4-F0BD26ECC0D8}.Release|x86.ActiveCfg = Release|Any CPU
		{411627A0-3473-4746-B7A4-F0BD26ECC0D8}.Release|x86.Build.0 = Release|Any CPU
		{D420A3A6-F8D3-499F-B402-D2A937006C77}.Debug|Any CPU.ActiveCfg = Debug|Any CPU
		{D420A3A6-F8D3-499F-B402-D2A937006C77}.Debug|Any CPU.Build.0 = Debug|Any CPU
		{D420A3A6-F8D3-499F-B402-D2A937006C77}.Debug|x64.ActiveCfg = Debug|Any CPU
		{D420A3A6-F8D3-499F-B402-D2A937006C77}.Debug|x64.Build.0 = Debug|Any CPU
		{D420A3A6-F8D3-499F-B402-D2A937006C77}.Debug|x86.ActiveCfg = Debug|Any CPU
		{D420A3A6-F8D3-499F-B402-D2A937006C77}.Debug|x86.Build.0 = Debug|Any CPU
		{D420A3A6-F8D3-499F-B402-D2A937006C77}.Release|Any CPU.ActiveCfg = Release|Any CPU
		{D420A3A6-F8D3-499F-B402-D2A937006C77}.Release|Any CPU.Build.0 = Release|Any CPU
		{D420A3A6-F8D3-499F-B402-D2A937006C77}.Release|x64.ActiveCfg = Release|Any CPU
		{D420A3A6-F8D3-499F-B402-D2A937006C77}.Release|x64.Build.0 = Release|Any CPU
		{D420A3A6-F8D3-499F-B402-D2A937006C77}.Release|x86.ActiveCfg = Release|Any CPU
		{D420A3A6-F8D3-499F-B402-D2A937006C77}.Release|x86.Build.0 = Release|Any CPU
		{AA208DEB-438F-4330-834A-367E80C7B56B}.Debug|Any CPU.ActiveCfg = Debug|Any CPU
		{AA208DEB-438F-4330-834A-367E80C7B56B}.Debug|Any CPU.Build.0 = Debug|Any CPU
		{AA208DEB-438F-4330-834A-367E80C7B56B}.Debug|x64.ActiveCfg = Debug|Any CPU
		{AA208DEB-438F-4330-834A-367E80C7B56B}.Debug|x64.Build.0 = Debug|Any CPU
		{AA208DEB-438F-4330-834A-367E80C7B56B}.Debug|x86.ActiveCfg = Debug|Any CPU
		{AA208DEB-438F-4330-834A-367E80C7B56B}.Debug|x86.Build.0 = Debug|Any CPU
		{AA208DEB-438F-4330-834A-367E80C7B56B}.Release|Any CPU.ActiveCfg = Release|Any CPU
		{AA208DEB-438F-4330-834A-367E80C7B56B}.Release|Any CPU.Build.0 = Release|Any CPU
		{AA208DEB-438F-4330-834A-367E80C7B56B}.Release|x64.ActiveCfg = Release|Any CPU
		{AA208DEB-438F-4330-834A-367E80C7B56B}.Release|x64.Build.0 = Release|Any CPU
		{AA208DEB-438F-4330-834A-367E80C7B56B}.Release|x86.ActiveCfg = Release|Any CPU
		{AA208DEB-438F-4330-834A-367E80C7B56B}.Release|x86.Build.0 = Release|Any CPU
		{3B225655-2E4A-47E5-AD5A-8E2C8FB523EE}.Debug|Any CPU.ActiveCfg = Debug|Any CPU
		{3B225655-2E4A-47E5-AD5A-8E2C8FB523EE}.Debug|Any CPU.Build.0 = Debug|Any CPU
		{3B225655-2E4A-47E5-AD5A-8E2C8FB523EE}.Debug|x64.ActiveCfg = Debug|Any CPU
		{3B225655-2E4A-47E5-AD5A-8E2C8FB523EE}.Debug|x64.Build.0 = Debug|Any CPU
		{3B225655-2E4A-47E5-AD5A-8E2C8FB523EE}.Debug|x86.ActiveCfg = Debug|Any CPU
		{3B225655-2E4A-47E5-AD5A-8E2C8FB523EE}.Debug|x86.Build.0 = Debug|Any CPU
		{3B225655-2E4A-47E5-AD5A-8E2C8FB523EE}.Release|Any CPU.ActiveCfg = Release|Any CPU
		{3B225655-2E4A-47E5-AD5A-8E2C8FB523EE}.Release|Any CPU.Build.0 = Release|Any CPU
		{3B225655-2E4A-47E5-AD5A-8E2C8FB523EE}.Release|x64.ActiveCfg = Release|Any CPU
		{3B225655-2E4A-47E5-AD5A-8E2C8FB523EE}.Release|x64.Build.0 = Release|Any CPU
		{3B225655-2E4A-47E5-AD5A-8E2C8FB523EE}.Release|x86.ActiveCfg = Release|Any CPU
		{3B225655-2E4A-47E5-AD5A-8E2C8FB523EE}.Release|x86.Build.0 = Release|Any CPU
		{D1DCFB84-9D91-46B3-BC0B-B835DA4F6289}.Debug|Any CPU.ActiveCfg = Debug|Any CPU
		{D1DCFB84-9D91-46B3-BC0B-B835DA4F6289}.Debug|Any CPU.Build.0 = Debug|Any CPU
		{D1DCFB84-9D91-46B3-BC0B-B835DA4F6289}.Debug|x64.ActiveCfg = Debug|Any CPU
		{D1DCFB84-9D91-46B3-BC0B-B835DA4F6289}.Debug|x64.Build.0 = Debug|Any CPU
		{D1DCFB84-9D91-46B3-BC0B-B835DA4F6289}.Debug|x86.ActiveCfg = Debug|Any CPU
		{D1DCFB84-9D91-46B3-BC0B-B835DA4F6289}.Debug|x86.Build.0 = Debug|Any CPU
		{D1DCFB84-9D91-46B3-BC0B-B835DA4F6289}.Release|Any CPU.ActiveCfg = Release|Any CPU
		{D1DCFB84-9D91-46B3-BC0B-B835DA4F6289}.Release|Any CPU.Build.0 = Release|Any CPU
		{D1DCFB84-9D91-46B3-BC0B-B835DA4F6289}.Release|x64.ActiveCfg = Release|Any CPU
		{D1DCFB84-9D91-46B3-BC0B-B835DA4F6289}.Release|x64.Build.0 = Release|Any CPU
		{D1DCFB84-9D91-46B3-BC0B-B835DA4F6289}.Release|x86.ActiveCfg = Release|Any CPU
		{D1DCFB84-9D91-46B3-BC0B-B835DA4F6289}.Release|x86.Build.0 = Release|Any CPU
		{1C250387-ED39-4C22-B8EA-FFE78956252F}.Debug|Any CPU.ActiveCfg = Debug|Any CPU
		{1C250387-ED39-4C22-B8EA-FFE78956252F}.Debug|Any CPU.Build.0 = Debug|Any CPU
		{1C250387-ED39-4C22-B8EA-FFE78956252F}.Debug|x64.ActiveCfg = Debug|Any CPU
		{1C250387-ED39-4C22-B8EA-FFE78956252F}.Debug|x64.Build.0 = Debug|Any CPU
		{1C250387-ED39-4C22-B8EA-FFE78956252F}.Debug|x86.ActiveCfg = Debug|Any CPU
		{1C250387-ED39-4C22-B8EA-FFE78956252F}.Debug|x86.Build.0 = Debug|Any CPU
		{1C250387-ED39-4C22-B8EA-FFE78956252F}.Release|Any CPU.ActiveCfg = Release|Any CPU
		{1C250387-ED39-4C22-B8EA-FFE78956252F}.Release|Any CPU.Build.0 = Release|Any CPU
		{1C250387-ED39-4C22-B8EA-FFE78956252F}.Release|x64.ActiveCfg = Release|Any CPU
		{1C250387-ED39-4C22-B8EA-FFE78956252F}.Release|x64.Build.0 = Release|Any CPU
		{1C250387-ED39-4C22-B8EA-FFE78956252F}.Release|x86.ActiveCfg = Release|Any CPU
		{1C250387-ED39-4C22-B8EA-FFE78956252F}.Release|x86.Build.0 = Release|Any CPU
		{DBC57D85-AC22-404A-97C7-6DBA44841981}.Debug|Any CPU.ActiveCfg = Debug|Any CPU
		{DBC57D85-AC22-404A-97C7-6DBA44841981}.Debug|Any CPU.Build.0 = Debug|Any CPU
		{DBC57D85-AC22-404A-97C7-6DBA44841981}.Debug|x64.ActiveCfg = Debug|Any CPU
		{DBC57D85-AC22-404A-97C7-6DBA44841981}.Debug|x64.Build.0 = Debug|Any CPU
		{DBC57D85-AC22-404A-97C7-6DBA44841981}.Debug|x86.ActiveCfg = Debug|Any CPU
		{DBC57D85-AC22-404A-97C7-6DBA44841981}.Debug|x86.Build.0 = Debug|Any CPU
		{DBC57D85-AC22-404A-97C7-6DBA44841981}.Release|Any CPU.ActiveCfg = Release|Any CPU
		{DBC57D85-AC22-404A-97C7-6DBA44841981}.Release|Any CPU.Build.0 = Release|Any CPU
		{DBC57D85-AC22-404A-97C7-6DBA44841981}.Release|x64.ActiveCfg = Release|Any CPU
		{DBC57D85-AC22-404A-97C7-6DBA44841981}.Release|x64.Build.0 = Release|Any CPU
		{DBC57D85-AC22-404A-97C7-6DBA44841981}.Release|x86.ActiveCfg = Release|Any CPU
		{DBC57D85-AC22-404A-97C7-6DBA44841981}.Release|x86.Build.0 = Release|Any CPU
		{546F9D2E-C2E1-4AB4-A5EB-44421DAB5A9D}.Debug|Any CPU.ActiveCfg = Debug|Any CPU
		{546F9D2E-C2E1-4AB4-A5EB-44421DAB5A9D}.Debug|Any CPU.Build.0 = Debug|Any CPU
		{546F9D2E-C2E1-4AB4-A5EB-44421DAB5A9D}.Debug|x64.ActiveCfg = Debug|Any CPU
		{546F9D2E-C2E1-4AB4-A5EB-44421DAB5A9D}.Debug|x64.Build.0 = Debug|Any CPU
		{546F9D2E-C2E1-4AB4-A5EB-44421DAB5A9D}.Debug|x86.ActiveCfg = Debug|Any CPU
		{546F9D2E-C2E1-4AB4-A5EB-44421DAB5A9D}.Debug|x86.Build.0 = Debug|Any CPU
		{546F9D2E-C2E1-4AB4-A5EB-44421DAB5A9D}.Release|Any CPU.ActiveCfg = Release|Any CPU
		{546F9D2E-C2E1-4AB4-A5EB-44421DAB5A9D}.Release|Any CPU.Build.0 = Release|Any CPU
		{546F9D2E-C2E1-4AB4-A5EB-44421DAB5A9D}.Release|x64.ActiveCfg = Release|Any CPU
		{546F9D2E-C2E1-4AB4-A5EB-44421DAB5A9D}.Release|x64.Build.0 = Release|Any CPU
		{546F9D2E-C2E1-4AB4-A5EB-44421DAB5A9D}.Release|x86.ActiveCfg = Release|Any CPU
		{546F9D2E-C2E1-4AB4-A5EB-44421DAB5A9D}.Release|x86.Build.0 = Release|Any CPU
		{17901F73-8ADE-47DD-805B-B3EB8529A89F}.Debug|Any CPU.ActiveCfg = Debug|Any CPU
		{17901F73-8ADE-47DD-805B-B3EB8529A89F}.Debug|Any CPU.Build.0 = Debug|Any CPU
		{17901F73-8ADE-47DD-805B-B3EB8529A89F}.Debug|x64.ActiveCfg = Debug|Any CPU
		{17901F73-8ADE-47DD-805B-B3EB8529A89F}.Debug|x64.Build.0 = Debug|Any CPU
		{17901F73-8ADE-47DD-805B-B3EB8529A89F}.Debug|x86.ActiveCfg = Debug|Any CPU
		{17901F73-8ADE-47DD-805B-B3EB8529A89F}.Debug|x86.Build.0 = Debug|Any CPU
		{17901F73-8ADE-47DD-805B-B3EB8529A89F}.Release|Any CPU.ActiveCfg = Release|Any CPU
		{17901F73-8ADE-47DD-805B-B3EB8529A89F}.Release|Any CPU.Build.0 = Release|Any CPU
		{17901F73-8ADE-47DD-805B-B3EB8529A89F}.Release|x64.ActiveCfg = Release|Any CPU
		{17901F73-8ADE-47DD-805B-B3EB8529A89F}.Release|x64.Build.0 = Release|Any CPU
		{17901F73-8ADE-47DD-805B-B3EB8529A89F}.Release|x86.ActiveCfg = Release|Any CPU
		{17901F73-8ADE-47DD-805B-B3EB8529A89F}.Release|x86.Build.0 = Release|Any CPU
		{A2BDCA99-1D67-4335-85FA-FBDC9F5C9338}.Debug|Any CPU.ActiveCfg = Debug|Any CPU
		{A2BDCA99-1D67-4335-85FA-FBDC9F5C9338}.Debug|Any CPU.Build.0 = Debug|Any CPU
		{A2BDCA99-1D67-4335-85FA-FBDC9F5C9338}.Debug|x64.ActiveCfg = Debug|Any CPU
		{A2BDCA99-1D67-4335-85FA-FBDC9F5C9338}.Debug|x64.Build.0 = Debug|Any CPU
		{A2BDCA99-1D67-4335-85FA-FBDC9F5C9338}.Debug|x86.ActiveCfg = Debug|Any CPU
		{A2BDCA99-1D67-4335-85FA-FBDC9F5C9338}.Debug|x86.Build.0 = Debug|Any CPU
		{A2BDCA99-1D67-4335-85FA-FBDC9F5C9338}.Release|Any CPU.ActiveCfg = Release|Any CPU
		{A2BDCA99-1D67-4335-85FA-FBDC9F5C9338}.Release|Any CPU.Build.0 = Release|Any CPU
		{A2BDCA99-1D67-4335-85FA-FBDC9F5C9338}.Release|x64.ActiveCfg = Release|Any CPU
		{A2BDCA99-1D67-4335-85FA-FBDC9F5C9338}.Release|x64.Build.0 = Release|Any CPU
		{A2BDCA99-1D67-4335-85FA-FBDC9F5C9338}.Release|x86.ActiveCfg = Release|Any CPU
		{A2BDCA99-1D67-4335-85FA-FBDC9F5C9338}.Release|x86.Build.0 = Release|Any CPU
		{FDD16FA6-CCB8-4D9E-B75F-1D9A0B2B02B6}.Debug|Any CPU.ActiveCfg = Debug|Any CPU
		{FDD16FA6-CCB8-4D9E-B75F-1D9A0B2B02B6}.Debug|Any CPU.Build.0 = Debug|Any CPU
		{FDD16FA6-CCB8-4D9E-B75F-1D9A0B2B02B6}.Debug|x64.ActiveCfg = Debug|Any CPU
		{FDD16FA6-CCB8-4D9E-B75F-1D9A0B2B02B6}.Debug|x64.Build.0 = Debug|Any CPU
		{FDD16FA6-CCB8-4D9E-B75F-1D9A0B2B02B6}.Debug|x86.ActiveCfg = Debug|Any CPU
		{FDD16FA6-CCB8-4D9E-B75F-1D9A0B2B02B6}.Debug|x86.Build.0 = Debug|Any CPU
		{FDD16FA6-CCB8-4D9E-B75F-1D9A0B2B02B6}.Release|Any CPU.ActiveCfg = Release|Any CPU
		{FDD16FA6-CCB8-4D9E-B75F-1D9A0B2B02B6}.Release|Any CPU.Build.0 = Release|Any CPU
		{FDD16FA6-CCB8-4D9E-B75F-1D9A0B2B02B6}.Release|x64.ActiveCfg = Release|Any CPU
		{FDD16FA6-CCB8-4D9E-B75F-1D9A0B2B02B6}.Release|x64.Build.0 = Release|Any CPU
		{FDD16FA6-CCB8-4D9E-B75F-1D9A0B2B02B6}.Release|x86.ActiveCfg = Release|Any CPU
		{FDD16FA6-CCB8-4D9E-B75F-1D9A0B2B02B6}.Release|x86.Build.0 = Release|Any CPU
		{5B838B1B-593D-4991-8F53-7B49248817C9}.Debug|Any CPU.ActiveCfg = Debug|Any CPU
		{5B838B1B-593D-4991-8F53-7B49248817C9}.Debug|Any CPU.Build.0 = Debug|Any CPU
		{5B838B1B-593D-4991-8F53-7B49248817C9}.Debug|x64.ActiveCfg = Debug|Any CPU
		{5B838B1B-593D-4991-8F53-7B49248817C9}.Debug|x64.Build.0 = Debug|Any CPU
		{5B838B1B-593D-4991-8F53-7B49248817C9}.Debug|x86.ActiveCfg = Debug|Any CPU
		{5B838B1B-593D-4991-8F53-7B49248817C9}.Debug|x86.Build.0 = Debug|Any CPU
		{5B838B1B-593D-4991-8F53-7B49248817C9}.Release|Any CPU.ActiveCfg = Release|Any CPU
		{5B838B1B-593D-4991-8F53-7B49248817C9}.Release|Any CPU.Build.0 = Release|Any CPU
		{5B838B1B-593D-4991-8F53-7B49248817C9}.Release|x64.ActiveCfg = Release|Any CPU
		{5B838B1B-593D-4991-8F53-7B49248817C9}.Release|x64.Build.0 = Release|Any CPU
		{5B838B1B-593D-4991-8F53-7B49248817C9}.Release|x86.ActiveCfg = Release|Any CPU
		{5B838B1B-593D-4991-8F53-7B49248817C9}.Release|x86.Build.0 = Release|Any CPU
		{20B2EE52-1BBB-404D-B413-D97869A3E9E2}.Debug|Any CPU.ActiveCfg = Debug|Any CPU
		{20B2EE52-1BBB-404D-B413-D97869A3E9E2}.Debug|Any CPU.Build.0 = Debug|Any CPU
		{20B2EE52-1BBB-404D-B413-D97869A3E9E2}.Debug|x64.ActiveCfg = Debug|Any CPU
		{20B2EE52-1BBB-404D-B413-D97869A3E9E2}.Debug|x64.Build.0 = Debug|Any CPU
		{20B2EE52-1BBB-404D-B413-D97869A3E9E2}.Debug|x86.ActiveCfg = Debug|Any CPU
		{20B2EE52-1BBB-404D-B413-D97869A3E9E2}.Debug|x86.Build.0 = Debug|Any CPU
		{20B2EE52-1BBB-404D-B413-D97869A3E9E2}.Release|Any CPU.ActiveCfg = Release|Any CPU
		{20B2EE52-1BBB-404D-B413-D97869A3E9E2}.Release|Any CPU.Build.0 = Release|Any CPU
		{20B2EE52-1BBB-404D-B413-D97869A3E9E2}.Release|x64.ActiveCfg = Release|Any CPU
		{20B2EE52-1BBB-404D-B413-D97869A3E9E2}.Release|x64.Build.0 = Release|Any CPU
		{20B2EE52-1BBB-404D-B413-D97869A3E9E2}.Release|x86.ActiveCfg = Release|Any CPU
		{20B2EE52-1BBB-404D-B413-D97869A3E9E2}.Release|x86.Build.0 = Release|Any CPU
		{494EC3B8-405B-4B7A-8DBC-185DD30AE55F}.Debug|Any CPU.ActiveCfg = Debug|Any CPU
		{494EC3B8-405B-4B7A-8DBC-185DD30AE55F}.Debug|Any CPU.Build.0 = Debug|Any CPU
		{494EC3B8-405B-4B7A-8DBC-185DD30AE55F}.Debug|x64.ActiveCfg = Debug|Any CPU
		{494EC3B8-405B-4B7A-8DBC-185DD30AE55F}.Debug|x64.Build.0 = Debug|Any CPU
		{494EC3B8-405B-4B7A-8DBC-185DD30AE55F}.Debug|x86.ActiveCfg = Debug|Any CPU
		{494EC3B8-405B-4B7A-8DBC-185DD30AE55F}.Debug|x86.Build.0 = Debug|Any CPU
		{494EC3B8-405B-4B7A-8DBC-185DD30AE55F}.Release|Any CPU.ActiveCfg = Release|Any CPU
		{494EC3B8-405B-4B7A-8DBC-185DD30AE55F}.Release|Any CPU.Build.0 = Release|Any CPU
		{494EC3B8-405B-4B7A-8DBC-185DD30AE55F}.Release|x64.ActiveCfg = Release|Any CPU
		{494EC3B8-405B-4B7A-8DBC-185DD30AE55F}.Release|x64.Build.0 = Release|Any CPU
		{494EC3B8-405B-4B7A-8DBC-185DD30AE55F}.Release|x86.ActiveCfg = Release|Any CPU
		{494EC3B8-405B-4B7A-8DBC-185DD30AE55F}.Release|x86.Build.0 = Release|Any CPU
		{91C42E3C-89A5-4590-8688-CC6A9344E352}.Debug|Any CPU.ActiveCfg = Debug|Any CPU
		{91C42E3C-89A5-4590-8688-CC6A9344E352}.Debug|Any CPU.Build.0 = Debug|Any CPU
		{91C42E3C-89A5-4590-8688-CC6A9344E352}.Debug|x64.ActiveCfg = Debug|Any CPU
		{91C42E3C-89A5-4590-8688-CC6A9344E352}.Debug|x64.Build.0 = Debug|Any CPU
		{91C42E3C-89A5-4590-8688-CC6A9344E352}.Debug|x86.ActiveCfg = Debug|Any CPU
		{91C42E3C-89A5-4590-8688-CC6A9344E352}.Debug|x86.Build.0 = Debug|Any CPU
		{91C42E3C-89A5-4590-8688-CC6A9344E352}.Release|Any CPU.ActiveCfg = Release|Any CPU
		{91C42E3C-89A5-4590-8688-CC6A9344E352}.Release|Any CPU.Build.0 = Release|Any CPU
		{91C42E3C-89A5-4590-8688-CC6A9344E352}.Release|x64.ActiveCfg = Release|Any CPU
		{91C42E3C-89A5-4590-8688-CC6A9344E352}.Release|x64.Build.0 = Release|Any CPU
		{91C42E3C-89A5-4590-8688-CC6A9344E352}.Release|x86.ActiveCfg = Release|Any CPU
		{91C42E3C-89A5-4590-8688-CC6A9344E352}.Release|x86.Build.0 = Release|Any CPU
		{BD34D058-E6F5-4543-A2D1-8F349F0E8F00}.Debug|Any CPU.ActiveCfg = Debug|Any CPU
		{BD34D058-E6F5-4543-A2D1-8F349F0E8F00}.Debug|Any CPU.Build.0 = Debug|Any CPU
		{BD34D058-E6F5-4543-A2D1-8F349F0E8F00}.Debug|x64.ActiveCfg = Debug|Any CPU
		{BD34D058-E6F5-4543-A2D1-8F349F0E8F00}.Debug|x64.Build.0 = Debug|Any CPU
		{BD34D058-E6F5-4543-A2D1-8F349F0E8F00}.Debug|x86.ActiveCfg = Debug|Any CPU
		{BD34D058-E6F5-4543-A2D1-8F349F0E8F00}.Debug|x86.Build.0 = Debug|Any CPU
		{BD34D058-E6F5-4543-A2D1-8F349F0E8F00}.Release|Any CPU.ActiveCfg = Release|Any CPU
		{BD34D058-E6F5-4543-A2D1-8F349F0E8F00}.Release|Any CPU.Build.0 = Release|Any CPU
		{BD34D058-E6F5-4543-A2D1-8F349F0E8F00}.Release|x64.ActiveCfg = Release|Any CPU
		{BD34D058-E6F5-4543-A2D1-8F349F0E8F00}.Release|x64.Build.0 = Release|Any CPU
		{BD34D058-E6F5-4543-A2D1-8F349F0E8F00}.Release|x86.ActiveCfg = Release|Any CPU
		{BD34D058-E6F5-4543-A2D1-8F349F0E8F00}.Release|x86.Build.0 = Release|Any CPU
		{0E7D5C62-CAAD-4D2A-AD69-5AF79B284514}.Debug|Any CPU.ActiveCfg = Debug|Any CPU
		{0E7D5C62-CAAD-4D2A-AD69-5AF79B284514}.Debug|Any CPU.Build.0 = Debug|Any CPU
		{0E7D5C62-CAAD-4D2A-AD69-5AF79B284514}.Debug|x64.ActiveCfg = Debug|Any CPU
		{0E7D5C62-CAAD-4D2A-AD69-5AF79B284514}.Debug|x64.Build.0 = Debug|Any CPU
		{0E7D5C62-CAAD-4D2A-AD69-5AF79B284514}.Debug|x86.ActiveCfg = Debug|Any CPU
		{0E7D5C62-CAAD-4D2A-AD69-5AF79B284514}.Debug|x86.Build.0 = Debug|Any CPU
		{0E7D5C62-CAAD-4D2A-AD69-5AF79B284514}.Release|Any CPU.ActiveCfg = Release|Any CPU
		{0E7D5C62-CAAD-4D2A-AD69-5AF79B284514}.Release|Any CPU.Build.0 = Release|Any CPU
		{0E7D5C62-CAAD-4D2A-AD69-5AF79B284514}.Release|x64.ActiveCfg = Release|Any CPU
		{0E7D5C62-CAAD-4D2A-AD69-5AF79B284514}.Release|x64.Build.0 = Release|Any CPU
		{0E7D5C62-CAAD-4D2A-AD69-5AF79B284514}.Release|x86.ActiveCfg = Release|Any CPU
		{0E7D5C62-CAAD-4D2A-AD69-5AF79B284514}.Release|x86.Build.0 = Release|Any CPU
		{F7744DC4-454F-446F-B00B-9E4171399366}.Debug|Any CPU.ActiveCfg = Debug|Any CPU
		{F7744DC4-454F-446F-B00B-9E4171399366}.Debug|Any CPU.Build.0 = Debug|Any CPU
		{F7744DC4-454F-446F-B00B-9E4171399366}.Debug|x64.ActiveCfg = Debug|Any CPU
		{F7744DC4-454F-446F-B00B-9E4171399366}.Debug|x64.Build.0 = Debug|Any CPU
		{F7744DC4-454F-446F-B00B-9E4171399366}.Debug|x86.ActiveCfg = Debug|Any CPU
		{F7744DC4-454F-446F-B00B-9E4171399366}.Debug|x86.Build.0 = Debug|Any CPU
		{F7744DC4-454F-446F-B00B-9E4171399366}.Release|Any CPU.ActiveCfg = Release|Any CPU
		{F7744DC4-454F-446F-B00B-9E4171399366}.Release|Any CPU.Build.0 = Release|Any CPU
		{F7744DC4-454F-446F-B00B-9E4171399366}.Release|x64.ActiveCfg = Release|Any CPU
		{F7744DC4-454F-446F-B00B-9E4171399366}.Release|x64.Build.0 = Release|Any CPU
		{F7744DC4-454F-446F-B00B-9E4171399366}.Release|x86.ActiveCfg = Release|Any CPU
		{F7744DC4-454F-446F-B00B-9E4171399366}.Release|x86.Build.0 = Release|Any CPU
		{6728FF40-0193-4EA6-BFCC-78F2896868C4}.Debug|Any CPU.ActiveCfg = Debug|Any CPU
		{6728FF40-0193-4EA6-BFCC-78F2896868C4}.Debug|Any CPU.Build.0 = Debug|Any CPU
		{6728FF40-0193-4EA6-BFCC-78F2896868C4}.Debug|x64.ActiveCfg = Debug|Any CPU
		{6728FF40-0193-4EA6-BFCC-78F2896868C4}.Debug|x64.Build.0 = Debug|Any CPU
		{6728FF40-0193-4EA6-BFCC-78F2896868C4}.Debug|x86.ActiveCfg = Debug|Any CPU
		{6728FF40-0193-4EA6-BFCC-78F2896868C4}.Debug|x86.Build.0 = Debug|Any CPU
		{6728FF40-0193-4EA6-BFCC-78F2896868C4}.Release|Any CPU.ActiveCfg = Release|Any CPU
		{6728FF40-0193-4EA6-BFCC-78F2896868C4}.Release|Any CPU.Build.0 = Release|Any CPU
		{6728FF40-0193-4EA6-BFCC-78F2896868C4}.Release|x64.ActiveCfg = Release|Any CPU
		{6728FF40-0193-4EA6-BFCC-78F2896868C4}.Release|x64.Build.0 = Release|Any CPU
		{6728FF40-0193-4EA6-BFCC-78F2896868C4}.Release|x86.ActiveCfg = Release|Any CPU
		{6728FF40-0193-4EA6-BFCC-78F2896868C4}.Release|x86.Build.0 = Release|Any CPU
		{79E26C03-A96F-46AA-9808-D529A376C433}.Debug|Any CPU.ActiveCfg = Debug|Any CPU
		{79E26C03-A96F-46AA-9808-D529A376C433}.Debug|Any CPU.Build.0 = Debug|Any CPU
		{79E26C03-A96F-46AA-9808-D529A376C433}.Debug|x64.ActiveCfg = Debug|Any CPU
		{79E26C03-A96F-46AA-9808-D529A376C433}.Debug|x64.Build.0 = Debug|Any CPU
		{79E26C03-A96F-46AA-9808-D529A376C433}.Debug|x86.ActiveCfg = Debug|Any CPU
		{79E26C03-A96F-46AA-9808-D529A376C433}.Debug|x86.Build.0 = Debug|Any CPU
		{79E26C03-A96F-46AA-9808-D529A376C433}.Release|Any CPU.ActiveCfg = Release|Any CPU
		{79E26C03-A96F-46AA-9808-D529A376C433}.Release|Any CPU.Build.0 = Release|Any CPU
		{79E26C03-A96F-46AA-9808-D529A376C433}.Release|x64.ActiveCfg = Release|Any CPU
		{79E26C03-A96F-46AA-9808-D529A376C433}.Release|x64.Build.0 = Release|Any CPU
		{79E26C03-A96F-46AA-9808-D529A376C433}.Release|x86.ActiveCfg = Release|Any CPU
		{79E26C03-A96F-46AA-9808-D529A376C433}.Release|x86.Build.0 = Release|Any CPU
	EndGlobalSection
	GlobalSection(NestedProjects) = preSolution
		{CBBCC9E2-4DC8-42A4-99C0-5D6F5F369DBA} = {5C072EBC-351D-47DD-8B94-0C9AE973458E}
		{849C5B25-8A28-4B07-8DED-B26C8A3F1CE1} = {5C072EBC-351D-47DD-8B94-0C9AE973458E}
		{6128A2DE-FF2B-4999-B709-F01E8A9AAD30} = {5C072EBC-351D-47DD-8B94-0C9AE973458E}
		{9AF521DB-1937-479D-BE63-DF5C9A61D6BC} = {5C072EBC-351D-47DD-8B94-0C9AE973458E}
		{8AACA632-0682-4591-8950-9D5E99FF39FC} = {5C072EBC-351D-47DD-8B94-0C9AE973458E}
		{632BE0D2-587C-4D00-B563-83B0169CDF3B} = {5C072EBC-351D-47DD-8B94-0C9AE973458E}
		{347171CB-D0F5-46F5-B999-007A9809DB12} = {5C072EBC-351D-47DD-8B94-0C9AE973458E}
		{32E73B6D-C5DB-4857-AD6A-A7210C4073D6} = {5C072EBC-351D-47DD-8B94-0C9AE973458E}
		{DD3106DF-FB75-4F3C-B3D3-BF01B7431841} = {5C072EBC-351D-47DD-8B94-0C9AE973458E}
		{6B94BC2D-E4A6-46DC-9279-03C9ECB37010} = {5C072EBC-351D-47DD-8B94-0C9AE973458E}
		{3031B4C3-BB11-4171-842F-B17D897CF24A} = {5C072EBC-351D-47DD-8B94-0C9AE973458E}
		{52A7F751-C330-41D1-A23B-9542B5EE321E} = {5C072EBC-351D-47DD-8B94-0C9AE973458E}
		{80A65CB5-1CB3-4F1A-9665-F629D9BC5626} = {5C072EBC-351D-47DD-8B94-0C9AE973458E}
		{5898A82A-A8C0-487A-8D18-62736E66E07B} = {5C072EBC-351D-47DD-8B94-0C9AE973458E}
		{BC7EEDD8-9406-416B-8149-60576A5063D6} = {5C072EBC-351D-47DD-8B94-0C9AE973458E}
		{5FDE1F95-D74A-4E1B-A5A6-0AFA6432E5A5} = {5C072EBC-351D-47DD-8B94-0C9AE973458E}
		{80F2CC7D-7AF6-4511-A1AC-5359204C2E9E} = {5C072EBC-351D-47DD-8B94-0C9AE973458E}
		{1004081C-A4EE-4704-A9AA-C76C503F2F67} = {5C072EBC-351D-47DD-8B94-0C9AE973458E}
		{DEF1CB07-F8C3-4105-B6D6-C1E76945B23B} = {5C072EBC-351D-47DD-8B94-0C9AE973458E}
		{79FC15DD-2AB2-4F75-859D-D67B21FEFC7C} = {5C072EBC-351D-47DD-8B94-0C9AE973458E}
		{D6185AF9-47EA-46DB-98F7-1F183608222C} = {5C072EBC-351D-47DD-8B94-0C9AE973458E}
		{EF9C2935-150E-4382-ADF7-899FCAA94B5D} = {5C072EBC-351D-47DD-8B94-0C9AE973458E}
		{F7DBC2C2-5DE5-475B-B05B-7583D78E7A02} = {5C072EBC-351D-47DD-8B94-0C9AE973458E}
		{E2210F7E-F96C-48C8-8DA9-40AAA2007001} = {5C072EBC-351D-47DD-8B94-0C9AE973458E}
		{BEE85F00-5CBA-4902-B4D5-74DBF4C472CE} = {5C072EBC-351D-47DD-8B94-0C9AE973458E}
		{07CEAC2F-99D3-4834-A3C3-71AAF24AAE18} = {5C072EBC-351D-47DD-8B94-0C9AE973458E}
		{AEE8862D-B719-4DD6-8A8D-3E2C49AFFF06} = {5C072EBC-351D-47DD-8B94-0C9AE973458E}
		{90B420AF-9156-45F1-9959-271DCD1AB4E6} = {5C072EBC-351D-47DD-8B94-0C9AE973458E}
		{5EB3C598-2D7A-4BF5-A829-5FCB5FE26604} = {5C072EBC-351D-47DD-8B94-0C9AE973458E}
		{2904D478-B5AE-439A-A1E8-41085645CD5E} = {5C072EBC-351D-47DD-8B94-0C9AE973458E}
		{B164345E-FAAE-4B77-B038-37FB11F77489} = {5C072EBC-351D-47DD-8B94-0C9AE973458E}
		{7B9B6884-67F6-48AD-AD14-6F36DB62A5BB} = {5C072EBC-351D-47DD-8B94-0C9AE973458E}
		{CD30A09A-63B0-4E34-A067-874E6681EF89} = {5C072EBC-351D-47DD-8B94-0C9AE973458E}
		{CDB148DB-78F5-4854-A9FF-6C53003F10E2} = {5C072EBC-351D-47DD-8B94-0C9AE973458E}
		{ED098FA4-7761-496F-91D1-F4C2C7ACF626} = {5C072EBC-351D-47DD-8B94-0C9AE973458E}
		{FC11ACCE-7581-48EC-8098-2E8D74E8B37A} = {5C072EBC-351D-47DD-8B94-0C9AE973458E}
		{7114107F-9CEE-46D4-B23B-E8CB254EE9FA} = {5C072EBC-351D-47DD-8B94-0C9AE973458E}
		{902698FB-AC03-4D57-B57F-8AF54FC0939A} = {5C072EBC-351D-47DD-8B94-0C9AE973458E}
		{AE29EA71-790E-44F3-9123-8973EE2FC420} = {5C072EBC-351D-47DD-8B94-0C9AE973458E}
		{5B46EE13-5E46-4169-AAE0-B9C1D7D34954} = {5C072EBC-351D-47DD-8B94-0C9AE973458E}
		{A0C74BC8-D083-4A1C-9877-F766FEBB0AD8} = {5C072EBC-351D-47DD-8B94-0C9AE973458E}
		{FCB2BEBA-4881-4DA7-8E84-47376674AF13} = {5C072EBC-351D-47DD-8B94-0C9AE973458E}
		{AB60AFDB-62A5-4AC6-A4DF-1ADD981D9BC7} = {5C072EBC-351D-47DD-8B94-0C9AE973458E}
		{BF9837CA-E9A7-4902-9EE4-56CD56D5F35A} = {5C072EBC-351D-47DD-8B94-0C9AE973458E}
		{AC23855A-B31D-463F-A7F9-5B2B48E16628} = {5C072EBC-351D-47DD-8B94-0C9AE973458E}
		{F97610DB-44F3-491D-BFCD-D7B31BC90465} = {5C072EBC-351D-47DD-8B94-0C9AE973458E}
		{C2BCFBB3-008D-4BF8-942B-724FE85194C2} = {5C072EBC-351D-47DD-8B94-0C9AE973458E}
		{FC1278F1-2128-42E1-80A1-A9DF867F5002} = {5C072EBC-351D-47DD-8B94-0C9AE973458E}
		{CFFD7F83-B85A-47D7-ABD1-8A566321C855} = {5C072EBC-351D-47DD-8B94-0C9AE973458E}
		{E6C731B1-9EB8-467D-AA10-070B5401239D} = {5C072EBC-351D-47DD-8B94-0C9AE973458E}
		{BF6D2ABA-22A7-4F91-92FD-979C0B831469} = {5C072EBC-351D-47DD-8B94-0C9AE973458E}
		{411627A0-3473-4746-B7A4-F0BD26ECC0D8} = {5C072EBC-351D-47DD-8B94-0C9AE973458E}
		{D420A3A6-F8D3-499F-B402-D2A937006C77} = {5C072EBC-351D-47DD-8B94-0C9AE973458E}
		{AA208DEB-438F-4330-834A-367E80C7B56B} = {5C072EBC-351D-47DD-8B94-0C9AE973458E}
		{3B225655-2E4A-47E5-AD5A-8E2C8FB523EE} = {5C072EBC-351D-47DD-8B94-0C9AE973458E}
		{D1DCFB84-9D91-46B3-BC0B-B835DA4F6289} = {5C072EBC-351D-47DD-8B94-0C9AE973458E}
		{1C250387-ED39-4C22-B8EA-FFE78956252F} = {5C072EBC-351D-47DD-8B94-0C9AE973458E}
		{DBC57D85-AC22-404A-97C7-6DBA44841981} = {5C072EBC-351D-47DD-8B94-0C9AE973458E}
		{546F9D2E-C2E1-4AB4-A5EB-44421DAB5A9D} = {5C072EBC-351D-47DD-8B94-0C9AE973458E}
		{17901F73-8ADE-47DD-805B-B3EB8529A89F} = {5C072EBC-351D-47DD-8B94-0C9AE973458E}
		{A2BDCA99-1D67-4335-85FA-FBDC9F5C9338} = {5C072EBC-351D-47DD-8B94-0C9AE973458E}
		{FDD16FA6-CCB8-4D9E-B75F-1D9A0B2B02B6} = {5C072EBC-351D-47DD-8B94-0C9AE973458E}
		{5B838B1B-593D-4991-8F53-7B49248817C9} = {5C072EBC-351D-47DD-8B94-0C9AE973458E}
		{20B2EE52-1BBB-404D-B413-D97869A3E9E2} = {5C072EBC-351D-47DD-8B94-0C9AE973458E}
		{494EC3B8-405B-4B7A-8DBC-185DD30AE55F} = {5C072EBC-351D-47DD-8B94-0C9AE973458E}
		{91C42E3C-89A5-4590-8688-CC6A9344E352} = {5C072EBC-351D-47DD-8B94-0C9AE973458E}
		{BD34D058-E6F5-4543-A2D1-8F349F0E8F00} = {5C072EBC-351D-47DD-8B94-0C9AE973458E}
		{0E7D5C62-CAAD-4D2A-AD69-5AF79B284514} = {5C072EBC-351D-47DD-8B94-0C9AE973458E}
		{F7744DC4-454F-446F-B00B-9E4171399366} = {5C072EBC-351D-47DD-8B94-0C9AE973458E}
		{6728FF40-0193-4EA6-BFCC-78F2896868C4} = {5C072EBC-351D-47DD-8B94-0C9AE973458E}
		{79E26C03-A96F-46AA-9808-D529A376C433} = {5C072EBC-351D-47DD-8B94-0C9AE973458E}
	EndGlobalSection
EndGlobal
